<?xml version="1.0" encoding="utf-8"?>
<Project ToolsVersion="4.0" xmlns="http://schemas.microsoft.com/developer/msbuild/2003">
  <ItemGroup>
    <Filter Include="mfx">
      <UniqueIdentifier>{9dbe5005-b03a-41a5-b7f2-5f40d5da204e}</UniqueIdentifier>
    </Filter>
    <Filter Include="mfx\piapi">
      <UniqueIdentifier>{cee897df-205a-4ed3-aae4-3825eef2ab4d}</UniqueIdentifier>
    </Filter>
    <Filter Include="conc">
      <UniqueIdentifier>{8001b601-47bf-48bd-89d9-44eda493b132}</UniqueIdentifier>
    </Filter>
    <Filter Include="fstb">
      <UniqueIdentifier>{f8c239ad-74be-4ed6-8b15-db2db9549ad6}</UniqueIdentifier>
    </Filter>
    <Filter Include="jack">
      <UniqueIdentifier>{5a0a9cfa-12d0-4338-bc0b-aaa5fb514ab8}</UniqueIdentifier>
    </Filter>
    <Filter Include="mfx\ui">
      <UniqueIdentifier>{6f074c63-9327-4a2b-baf6-1226d06f039b}</UniqueIdentifier>
    </Filter>
    <Filter Include="mfx\pi">
      <UniqueIdentifier>{0abc7ff7-ecb5-4920-994e-3fa9b489eeeb}</UniqueIdentifier>
    </Filter>
    <Filter Include="mfx\pi\param">
      <UniqueIdentifier>{979c7a9d-ed44-4b6a-b4bd-4526c8f82d1f}</UniqueIdentifier>
    </Filter>
    <Filter Include="fstb\txt">
      <UniqueIdentifier>{966573b7-f3ad-4c46-bc91-f3e39f54407c}</UniqueIdentifier>
    </Filter>
    <Filter Include="fstb\txt\utf8">
      <UniqueIdentifier>{3209da5b-0bc4-46c9-a501-5abde1d0f232}</UniqueIdentifier>
    </Filter>
    <Filter Include="fstb\txt\unicode">
      <UniqueIdentifier>{5fb7579f-1a41-4985-a08a-82d8e798b5e9}</UniqueIdentifier>
    </Filter>
    <Filter Include="fstb\txt\neutral">
      <UniqueIdentifier>{ebf96f8b-f469-451a-91e2-f5caee42be72}</UniqueIdentifier>
    </Filter>
    <Filter Include="fstb\util">
      <UniqueIdentifier>{9b59e8d3-2f24-4e4f-9198-420d6c0ed415}</UniqueIdentifier>
    </Filter>
    <Filter Include="mfx\dsp">
      <UniqueIdentifier>{2a1487ea-4471-49cb-8474-9fd6c7b9f9e4}</UniqueIdentifier>
    </Filter>
    <Filter Include="mfx\dsp\mix">
      <UniqueIdentifier>{adce5933-baf3-4ef7-8a5a-758044080fd2}</UniqueIdentifier>
    </Filter>
    <Filter Include="mfx\doc">
      <UniqueIdentifier>{b472b960-63a9-4a67-921a-941e3c871f48}</UniqueIdentifier>
    </Filter>
    <Filter Include="mfx\cmd">
      <UniqueIdentifier>{3b78661b-f282-43c6-ba7b-c13716846db3}</UniqueIdentifier>
    </Filter>
    <Filter Include="mfx\dsp\iir">
      <UniqueIdentifier>{bf81e6a5-3756-4691-bb37-3891a208ec87}</UniqueIdentifier>
    </Filter>
    <Filter Include="hiir">
      <UniqueIdentifier>{006017d9-b04a-4fef-924b-9cefa1e2601d}</UniqueIdentifier>
    </Filter>
    <Filter Include="mfx\dsp\osc">
      <UniqueIdentifier>{75aa7491-e44a-423e-bc1a-1b9eb514843e}</UniqueIdentifier>
    </Filter>
    <Filter Include="asiosdk2">
      <UniqueIdentifier>{d62f9368-a297-4d55-8c21-3959a71f9d3a}</UniqueIdentifier>
    </Filter>
    <Filter Include="asiosdk2\common">
      <UniqueIdentifier>{f87a93c6-d18f-4faa-9d9c-2c7d6c952372}</UniqueIdentifier>
    </Filter>
    <Filter Include="asiosdk2\host">
      <UniqueIdentifier>{1237eb12-e330-403d-a3da-4d66f54d6e44}</UniqueIdentifier>
    </Filter>
    <Filter Include="asiosdk2\host\pc">
      <UniqueIdentifier>{d127aaf8-cc2d-4a59-a594-ae739c57b559}</UniqueIdentifier>
    </Filter>
    <Filter Include="mfx\adrv">
      <UniqueIdentifier>{d3a0a7e3-fdb0-41c8-ba91-d3d03a483979}</UniqueIdentifier>
    </Filter>
    <Filter Include="mfx\uitk">
      <UniqueIdentifier>{2315c3a5-13cd-4764-a65c-022430be029a}</UniqueIdentifier>
    </Filter>
    <Filter Include="mfx\uitk\pg">
      <UniqueIdentifier>{37bd46ba-874b-4b14-857d-228ae4f0976a}</UniqueIdentifier>
    </Filter>
  </ItemGroup>
  <ItemGroup>
    <ClInclude Include="mfx\piapi\Event.h">
      <Filter>mfx\piapi</Filter>
    </ClInclude>
    <ClInclude Include="mfx\piapi\EventNoteOff.h">
      <Filter>mfx\piapi</Filter>
    </ClInclude>
    <ClInclude Include="mfx\piapi\EventNoteOn.h">
      <Filter>mfx\piapi</Filter>
    </ClInclude>
    <ClInclude Include="mfx\piapi\EventParam.h">
      <Filter>mfx\piapi</Filter>
    </ClInclude>
    <ClInclude Include="mfx\piapi\EventTs.h">
      <Filter>mfx\piapi</Filter>
    </ClInclude>
    <ClInclude Include="mfx\piapi\EventType.h">
      <Filter>mfx\piapi</Filter>
    </ClInclude>
    <ClInclude Include="mfx\piapi\ParamCateg.h">
      <Filter>mfx\piapi</Filter>
    </ClInclude>
    <ClInclude Include="mfx\piapi\ParamDescInterface.h">
      <Filter>mfx\piapi</Filter>
    </ClInclude>
    <ClInclude Include="mfx\piapi\ParamDescInterface.hpp">
      <Filter>mfx\piapi</Filter>
    </ClInclude>
    <ClInclude Include="mfx\piapi\PluginInterface.h">
      <Filter>mfx\piapi</Filter>
    </ClInclude>
    <ClInclude Include="conc\AioAdd.h">
      <Filter>conc</Filter>
    </ClInclude>
    <ClInclude Include="conc\AioAdd.hpp">
      <Filter>conc</Filter>
    </ClInclude>
    <ClInclude Include="conc\AioMax.h">
      <Filter>conc</Filter>
    </ClInclude>
    <ClInclude Include="conc\AioMax.hpp">
      <Filter>conc</Filter>
    </ClInclude>
    <ClInclude Include="conc\AioSub.h">
      <Filter>conc</Filter>
    </ClInclude>
    <ClInclude Include="conc\AioSub.hpp">
      <Filter>conc</Filter>
    </ClInclude>
    <ClInclude Include="conc\AtomicInt.h">
      <Filter>conc</Filter>
    </ClInclude>
    <ClInclude Include="conc\AtomicInt.hpp">
      <Filter>conc</Filter>
    </ClInclude>
    <ClInclude Include="conc\AtomicIntOp.h">
      <Filter>conc</Filter>
    </ClInclude>
    <ClInclude Include="conc\AtomicIntOp.hpp">
      <Filter>conc</Filter>
    </ClInclude>
    <ClInclude Include="conc\AtomicMem.h">
      <Filter>conc</Filter>
    </ClInclude>
    <ClInclude Include="conc\AtomicMem.hpp">
      <Filter>conc</Filter>
    </ClInclude>
    <ClInclude Include="conc\AtomicPtr.h">
      <Filter>conc</Filter>
    </ClInclude>
    <ClInclude Include="conc\AtomicPtr.hpp">
      <Filter>conc</Filter>
    </ClInclude>
    <ClInclude Include="conc\AtomicPtrIntPair.h">
      <Filter>conc</Filter>
    </ClInclude>
    <ClInclude Include="conc\AtomicPtrIntPair.hpp">
      <Filter>conc</Filter>
    </ClInclude>
    <ClInclude Include="conc\CellPool.h">
      <Filter>conc</Filter>
    </ClInclude>
    <ClInclude Include="conc\CellPool.hpp">
      <Filter>conc</Filter>
    </ClInclude>
    <ClInclude Include="conc\def.h">
      <Filter>conc</Filter>
    </ClInclude>
    <ClInclude Include="conc\fnc.h">
      <Filter>conc</Filter>
    </ClInclude>
    <ClInclude Include="conc\fnc.hpp">
      <Filter>conc</Filter>
    </ClInclude>
    <ClInclude Include="conc\Interlocked.h">
      <Filter>conc</Filter>
    </ClInclude>
    <ClInclude Include="conc\Interlocked.hpp">
      <Filter>conc</Filter>
    </ClInclude>
    <ClInclude Include="conc\LockFreeCell.h">
      <Filter>conc</Filter>
    </ClInclude>
    <ClInclude Include="conc\LockFreeQueue.h">
      <Filter>conc</Filter>
    </ClInclude>
    <ClInclude Include="conc\LockFreeQueue.hpp">
      <Filter>conc</Filter>
    </ClInclude>
    <ClInclude Include="conc\LockFreeStack.h">
      <Filter>conc</Filter>
    </ClInclude>
    <ClInclude Include="conc\LockFreeStack.hpp">
      <Filter>conc</Filter>
    </ClInclude>
    <ClInclude Include="conc\ObjFactoryDef.h">
      <Filter>conc</Filter>
    </ClInclude>
    <ClInclude Include="conc\ObjFactoryDef.hpp">
      <Filter>conc</Filter>
    </ClInclude>
    <ClInclude Include="conc\ObjFactoryInterface.h">
      <Filter>conc</Filter>
    </ClInclude>
    <ClInclude Include="conc\ObjFactoryInterface.hpp">
      <Filter>conc</Filter>
    </ClInclude>
    <ClInclude Include="conc\ObjPool.h">
      <Filter>conc</Filter>
    </ClInclude>
    <ClInclude Include="conc\ObjPool.hpp">
      <Filter>conc</Filter>
    </ClInclude>
    <ClInclude Include="fstb\AllocAlign.h">
      <Filter>fstb</Filter>
    </ClInclude>
    <ClInclude Include="fstb\AllocAlign.hpp">
      <Filter>fstb</Filter>
    </ClInclude>
    <ClInclude Include="fstb\ArrayAlign.h">
      <Filter>fstb</Filter>
    </ClInclude>
    <ClInclude Include="fstb\ArrayAlign.hpp">
      <Filter>fstb</Filter>
    </ClInclude>
    <ClInclude Include="fstb\CpuId.h">
      <Filter>fstb</Filter>
    </ClInclude>
    <ClInclude Include="fstb\def.h">
      <Filter>fstb</Filter>
    </ClInclude>
    <ClInclude Include="fstb\fnc.h">
      <Filter>fstb</Filter>
    </ClInclude>
    <ClInclude Include="fstb\fnc.hpp">
      <Filter>fstb</Filter>
    </ClInclude>
    <ClInclude Include="fstb\SingleObj.h">
      <Filter>fstb</Filter>
    </ClInclude>
    <ClInclude Include="fstb\SingleObj.hpp">
      <Filter>fstb</Filter>
    </ClInclude>
    <ClInclude Include="fstb\ToolsAvx2.h">
      <Filter>fstb</Filter>
    </ClInclude>
    <ClInclude Include="fstb\ToolsAvx2.hpp">
      <Filter>fstb</Filter>
    </ClInclude>
    <ClInclude Include="fstb\ToolsSse2.h">
      <Filter>fstb</Filter>
    </ClInclude>
    <ClInclude Include="fstb\ToolsSse2.hpp">
      <Filter>fstb</Filter>
    </ClInclude>
    <ClInclude Include="jack\jack.h">
      <Filter>jack</Filter>
    </ClInclude>
    <ClInclude Include="jack\systemdeps.h">
      <Filter>jack</Filter>
    </ClInclude>
    <ClInclude Include="jack\transport.h">
      <Filter>jack</Filter>
    </ClInclude>
    <ClInclude Include="jack\types.h">
      <Filter>jack</Filter>
    </ClInclude>
    <ClInclude Include="jack\weakmacros.h">
      <Filter>jack</Filter>
    </ClInclude>
    <ClInclude Include="fstb\ToolsSimd.h">
      <Filter>fstb</Filter>
    </ClInclude>
    <ClInclude Include="fstb\ToolsSimd.hpp">
      <Filter>fstb</Filter>
    </ClInclude>
    <ClInclude Include="mfx\Overdrive.h">
      <Filter>mfx</Filter>
    </ClInclude>
    <ClInclude Include="mfx\ui\DisplayInterface.h">
      <Filter>mfx\ui</Filter>
    </ClInclude>
    <ClInclude Include="mfx\ui\DisplayPi3Pcd8544.h">
      <Filter>mfx\ui</Filter>
    </ClInclude>
    <ClInclude Include="mfx\ui\UserInputInterface.h">
      <Filter>mfx\ui</Filter>
    </ClInclude>
    <ClInclude Include="mfx\ui\UserInputMsg.h">
      <Filter>mfx\ui</Filter>
    </ClInclude>
    <ClInclude Include="mfx\ui\UserInputType.h">
      <Filter>mfx\ui</Filter>
    </ClInclude>
    <ClInclude Include="mfx\ui\UserInputPi3.h">
      <Filter>mfx\ui</Filter>
    </ClInclude>
    <ClInclude Include="mfx\ui\LedInterface.h">
      <Filter>mfx\ui</Filter>
    </ClInclude>
    <ClInclude Include="mfx\ui\LedPi3.h">
      <Filter>mfx\ui</Filter>
    </ClInclude>
    <ClInclude Include="mfx\GpioPwm.h">
      <Filter>mfx</Filter>
    </ClInclude>
    <ClInclude Include="mfx\piapi\EventTransport.h">
      <Filter>mfx\piapi</Filter>
    </ClInclude>
    <ClInclude Include="mfx\ui\FontDataDefault.h">
      <Filter>mfx\ui</Filter>
    </ClInclude>
    <ClInclude Include="mfx\ui\Font.h">
      <Filter>mfx\ui</Filter>
    </ClInclude>
    <ClInclude Include="mfx\pi\DistoSimple.h">
      <Filter>mfx\pi</Filter>
    </ClInclude>
    <ClInclude Include="mfx\pi\param\HelperDispNum.h">
      <Filter>mfx\pi\param</Filter>
    </ClInclude>
    <ClInclude Include="mfx\pi\param\MapLog.h">
      <Filter>mfx\pi\param</Filter>
    </ClInclude>
    <ClInclude Include="mfx\pi\param\MapLog.hpp">
      <Filter>mfx\pi\param</Filter>
    </ClInclude>
    <ClInclude Include="mfx\pi\param\Tools.h">
      <Filter>mfx\pi\param</Filter>
    </ClInclude>
    <ClInclude Include="mfx\pi\param\TplEnum.h">
      <Filter>mfx\pi\param</Filter>
    </ClInclude>
    <ClInclude Include="mfx\pi\param\TplInt.h">
      <Filter>mfx\pi\param</Filter>
    </ClInclude>
    <ClInclude Include="mfx\pi\param\TplInt.hpp">
      <Filter>mfx\pi\param</Filter>
    </ClInclude>
    <ClInclude Include="mfx\pi\param\TplLin.h">
      <Filter>mfx\pi\param</Filter>
    </ClInclude>
    <ClInclude Include="mfx\pi\param\TplLog.h">
      <Filter>mfx\pi\param</Filter>
    </ClInclude>
    <ClInclude Include="mfx\pi\param\TplMapped.h">
      <Filter>mfx\pi\param</Filter>
    </ClInclude>
    <ClInclude Include="mfx\pi\param\TplMapped.hpp">
      <Filter>mfx\pi\param</Filter>
    </ClInclude>
    <ClInclude Include="fstb\txt\unicode\BidiClass.h">
      <Filter>fstb\txt\unicode</Filter>
    </ClInclude>
    <ClInclude Include="fstb\txt\unicode\Categ.h">
      <Filter>fstb\txt\unicode</Filter>
    </ClInclude>
    <ClInclude Include="fstb\txt\unicode\Categ.hpp">
      <Filter>fstb\txt\unicode</Filter>
    </ClInclude>
    <ClInclude Include="fstb\txt\unicode\CategClass.h">
      <Filter>fstb\txt\unicode</Filter>
    </ClInclude>
    <ClInclude Include="fstb\txt\unicode\CharData.h">
      <Filter>fstb\txt\unicode</Filter>
    </ClInclude>
    <ClInclude Include="fstb\txt\unicode\CharDataBuilder.h">
      <Filter>fstb\txt\unicode</Filter>
    </ClInclude>
    <ClInclude Include="fstb\txt\unicode\CharDataInfo.h">
      <Filter>fstb\txt\unicode</Filter>
    </ClInclude>
    <ClInclude Include="fstb\txt\unicode\CharDataInfo.hpp">
      <Filter>fstb\txt\unicode</Filter>
    </ClInclude>
    <ClInclude Include="fstb\txt\unicode\ConvCi.h">
      <Filter>fstb\txt\unicode</Filter>
    </ClInclude>
    <ClInclude Include="fstb\txt\unicode\ConvCi.hpp">
      <Filter>fstb\txt\unicode</Filter>
    </ClInclude>
    <ClInclude Include="fstb\txt\unicode\ConvNeutral.h">
      <Filter>fstb\txt\unicode</Filter>
    </ClInclude>
    <ClInclude Include="fstb\txt\unicode\ConvNeutral.hpp">
      <Filter>fstb\txt\unicode</Filter>
    </ClInclude>
    <ClInclude Include="fstb\txt\unicode\GraphemeBreakProp.h">
      <Filter>fstb\txt\unicode</Filter>
    </ClInclude>
    <ClInclude Include="fstb\txt\unicode\LineBreakAction.h">
      <Filter>fstb\txt\unicode</Filter>
    </ClInclude>
    <ClInclude Include="fstb\txt\unicode\LineBreakProp.h">
      <Filter>fstb\txt\unicode</Filter>
    </ClInclude>
    <ClInclude Include="fstb\txt\unicode\PredEq.h">
      <Filter>fstb\txt\unicode</Filter>
    </ClInclude>
    <ClInclude Include="fstb\txt\unicode\PredEq.hpp">
      <Filter>fstb\txt\unicode</Filter>
    </ClInclude>
    <ClInclude Include="fstb\txt\unicode\PredLt.h">
      <Filter>fstb\txt\unicode</Filter>
    </ClInclude>
    <ClInclude Include="fstb\txt\unicode\PredLt.hpp">
      <Filter>fstb\txt\unicode</Filter>
    </ClInclude>
    <ClInclude Include="fstb\txt\unicode\StringU.h">
      <Filter>fstb\txt\unicode</Filter>
    </ClInclude>
    <ClInclude Include="fstb\txt\unicode\unicode.h">
      <Filter>fstb\txt\unicode</Filter>
    </ClInclude>
    <ClInclude Include="fstb\txt\unicode\unicode.hpp">
      <Filter>fstb\txt\unicode</Filter>
    </ClInclude>
    <ClInclude Include="fstb\txt\unicode\WordBreakProp.h">
      <Filter>fstb\txt\unicode</Filter>
    </ClInclude>
    <ClInclude Include="fstb\txt\unicode\WordBreakPropTableNext.h">
      <Filter>fstb\txt\unicode</Filter>
    </ClInclude>
    <ClInclude Include="fstb\txt\unicode\WordBreakPropTablePrev.h">
      <Filter>fstb\txt\unicode</Filter>
    </ClInclude>
    <ClInclude Include="fstb\txt\utf8\Codec8.h">
      <Filter>fstb\txt\utf8</Filter>
    </ClInclude>
    <ClInclude Include="fstb\txt\utf8\ConvNum.h">
      <Filter>fstb\txt\utf8</Filter>
    </ClInclude>
    <ClInclude Include="fstb\txt\utf8\def.h">
      <Filter>fstb\txt\utf8</Filter>
    </ClInclude>
    <ClInclude Include="fstb\txt\utf8\PredStringCiEq.h">
      <Filter>fstb\txt\utf8</Filter>
    </ClInclude>
    <ClInclude Include="fstb\txt\utf8\PredStringCiEq.hpp">
      <Filter>fstb\txt\utf8</Filter>
    </ClInclude>
    <ClInclude Include="fstb\txt\utf8\PredStringCiLt.h">
      <Filter>fstb\txt\utf8</Filter>
    </ClInclude>
    <ClInclude Include="fstb\txt\utf8\PredStringCiLt.hpp">
      <Filter>fstb\txt\utf8</Filter>
    </ClInclude>
    <ClInclude Include="fstb\Err.h">
      <Filter>fstb</Filter>
    </ClInclude>
    <ClInclude Include="fstb\txt\utf8\fnc.h">
      <Filter>fstb\txt\utf8</Filter>
    </ClInclude>
    <ClInclude Include="fstb\txt\neutral\ConvDigit.h">
      <Filter>fstb\txt\neutral</Filter>
    </ClInclude>
    <ClInclude Include="fstb\txt\neutral\ConvDigit.hpp">
      <Filter>fstb\txt\neutral</Filter>
    </ClInclude>
    <ClInclude Include="fstb\txt\neutral\fnc.h">
      <Filter>fstb\txt\neutral</Filter>
    </ClInclude>
    <ClInclude Include="fstb\txt\neutral\fnc.hpp">
      <Filter>fstb\txt\neutral</Filter>
    </ClInclude>
    <ClInclude Include="fstb\util\NotificationFlagInterface.h">
      <Filter>fstb\util</Filter>
    </ClInclude>
    <ClInclude Include="fstb\util\NotificationFlagInterface.hpp">
      <Filter>fstb\util</Filter>
    </ClInclude>
    <ClInclude Include="fstb\util\ObserverInterface.h">
      <Filter>fstb\util</Filter>
    </ClInclude>
    <ClInclude Include="fstb\util\ObserverInterface.hpp">
      <Filter>fstb\util</Filter>
    </ClInclude>
    <ClInclude Include="fstb\util\ObservableInterface.h">
      <Filter>fstb\util</Filter>
    </ClInclude>
    <ClInclude Include="fstb\util\ObservableInterface.hpp">
      <Filter>fstb\util</Filter>
    </ClInclude>
    <ClInclude Include="fstb\util\NotificationFlag.h">
      <Filter>fstb\util</Filter>
    </ClInclude>
    <ClInclude Include="fstb\util\NotificationFlag.hpp">
      <Filter>fstb\util</Filter>
    </ClInclude>
    <ClInclude Include="fstb\util\NotificationFlagCascadeMixin.h">
      <Filter>fstb\util</Filter>
    </ClInclude>
    <ClInclude Include="fstb\util\NotificationFlagCascadeMixin.hpp">
      <Filter>fstb\util</Filter>
    </ClInclude>
    <ClInclude Include="fstb\util\NotificationFlagCascadeMulti.h">
      <Filter>fstb\util</Filter>
    </ClInclude>
    <ClInclude Include="fstb\util\NotificationFlagCascadeSingle.h">
      <Filter>fstb\util</Filter>
    </ClInclude>
    <ClInclude Include="fstb\util\ObservableMultiMixin.h">
      <Filter>fstb\util</Filter>
    </ClInclude>
    <ClInclude Include="fstb\util\ObservableSingleMixin.h">
      <Filter>fstb\util</Filter>
    </ClInclude>
    <ClInclude Include="fstb\util\ObservableSingleMixin.hpp">
      <Filter>fstb\util</Filter>
    </ClInclude>
    <ClInclude Include="mfx\pi\ParamState.h">
      <Filter>mfx\pi</Filter>
    </ClInclude>
    <ClInclude Include="mfx\dsp\InertiaLin.h">
      <Filter>mfx\dsp</Filter>
    </ClInclude>
    <ClInclude Include="mfx\dsp\InertiaLin.hpp">
      <Filter>mfx\dsp</Filter>
    </ClInclude>
    <ClInclude Include="mfx\pi\param\MapSq.h">
      <Filter>mfx\pi\param</Filter>
    </ClInclude>
    <ClInclude Include="mfx\pi\param\MapSq.hpp">
      <Filter>mfx\pi\param</Filter>
    </ClInclude>
    <ClInclude Include="mfx\pi\param\TplSq.h">
      <Filter>mfx\pi\param</Filter>
    </ClInclude>
    <ClInclude Include="mfx\dsp\mix\Align.h">
      <Filter>mfx\dsp\mix</Filter>
    </ClInclude>
    <ClInclude Include="mfx\dsp\mix\Fpu.h">
      <Filter>mfx\dsp\mix</Filter>
    </ClInclude>
    <ClInclude Include="mfx\dsp\mix\Generic.h">
      <Filter>mfx\dsp\mix</Filter>
    </ClInclude>
    <ClInclude Include="mfx\dsp\StereoLevel.h">
      <Filter>mfx\dsp</Filter>
    </ClInclude>
    <ClInclude Include="mfx\dsp\StereoLevel.hpp">
      <Filter>mfx\dsp</Filter>
    </ClInclude>
    <ClInclude Include="mfx\dsp\mix\Simd.h">
      <Filter>mfx\dsp\mix</Filter>
    </ClInclude>
    <ClInclude Include="mfx\dsp\mix\Simd.hpp">
      <Filter>mfx\dsp\mix</Filter>
    </ClInclude>
    <ClInclude Include="fstb\DataAlign.h">
      <Filter>fstb</Filter>
    </ClInclude>
    <ClInclude Include="fstb\DataAlign.hpp">
      <Filter>fstb</Filter>
    </ClInclude>
    <ClInclude Include="mfx\pi\DryWet.h">
      <Filter>mfx\pi</Filter>
    </ClInclude>
    <ClInclude Include="mfx\pi\ParamDescSet.h">
      <Filter>mfx\pi</Filter>
    </ClInclude>
    <ClInclude Include="mfx\pi\ParamStateSet.h">
      <Filter>mfx\pi</Filter>
    </ClInclude>
    <ClInclude Include="fstb\BitFieldSparse.h">
      <Filter>fstb</Filter>
    </ClInclude>
    <ClInclude Include="fstb\BitFieldSparseIterator.h">
      <Filter>fstb</Filter>
    </ClInclude>
    <ClInclude Include="fstb\BitFieldSparseIterator.hpp">
      <Filter>fstb</Filter>
    </ClInclude>
    <ClInclude Include="fstb\BitFieldTools.h">
      <Filter>fstb</Filter>
    </ClInclude>
    <ClInclude Include="fstb\BitFieldTools.hpp">
      <Filter>fstb</Filter>
    </ClInclude>
    <ClInclude Include="mfx\pi\param\MapS.h">
      <Filter>mfx\pi\param</Filter>
    </ClInclude>
    <ClInclude Include="mfx\pi\param\MapS.hpp">
      <Filter>mfx\pi\param</Filter>
    </ClInclude>
    <ClInclude Include="mfx\PluginPool.h">
      <Filter>mfx</Filter>
    </ClInclude>
    <ClInclude Include="mfx\SharedRscState.h">
      <Filter>mfx</Filter>
    </ClInclude>
    <ClInclude Include="mfx\ui\RotEnc.h">
      <Filter>mfx\ui</Filter>
    </ClInclude>
    <ClInclude Include="mfx\WorldAudio.h">
      <Filter>mfx</Filter>
    </ClInclude>
    <ClInclude Include="mfx\ProcessingContext.h">
      <Filter>mfx</Filter>
    </ClInclude>
    <ClInclude Include="mfx\ProcessingContextNode.h">
      <Filter>mfx</Filter>
    </ClInclude>
    <ClInclude Include="mfx\Cst.h">
      <Filter>mfx</Filter>
    </ClInclude>
    <ClInclude Include="mfx\Msg.h">
      <Filter>mfx</Filter>
    </ClInclude>
    <ClInclude Include="mfx\MsgQueue.h">
      <Filter>mfx</Filter>
    </ClInclude>
    <ClInclude Include="mfx\ControllerType.h">
      <Filter>mfx</Filter>
    </ClInclude>
    <ClInclude Include="mfx\ControlSource.h">
      <Filter>mfx</Filter>
    </ClInclude>
    <ClInclude Include="mfx\ParamCoord.h">
      <Filter>mfx</Filter>
    </ClInclude>
    <ClInclude Include="mfx\CtrlUnit.h">
      <Filter>mfx</Filter>
    </ClInclude>
    <ClInclude Include="mfx\ControlledParam.h">
      <Filter>mfx</Filter>
    </ClInclude>
    <ClInclude Include="mfx\ControlSource.hpp">
      <Filter>mfx</Filter>
    </ClInclude>
    <ClInclude Include="mfx\ParamCoord.hpp">
      <Filter>mfx</Filter>
    </ClInclude>
    <ClInclude Include="mfx\ControlCurve.h">
      <Filter>mfx</Filter>
    </ClInclude>
    <ClInclude Include="mfx\ui\DisplayVoid.h">
      <Filter>mfx\ui</Filter>
    </ClInclude>
    <ClInclude Include="mfx\ui\LedVoid.h">
      <Filter>mfx\ui</Filter>
    </ClInclude>
    <ClInclude Include="mfx\ui\UserInputVoid.h">
      <Filter>mfx\ui</Filter>
    </ClInclude>
    <ClInclude Include="mfx\pi\Tuner.h">
      <Filter>mfx\pi</Filter>
    </ClInclude>
    <ClInclude Include="mfx\pi\FreqAnalyser.h">
      <Filter>mfx\pi</Filter>
    </ClInclude>
    <ClInclude Include="mfx\doc\CtrlLink.h">
      <Filter>mfx\doc</Filter>
    </ClInclude>
    <ClInclude Include="mfx\doc\CtrlLinkSet.h">
      <Filter>mfx\doc</Filter>
    </ClInclude>
    <ClInclude Include="mfx\doc\PluginSettings.h">
      <Filter>mfx\doc</Filter>
    </ClInclude>
    <ClInclude Include="mfx\doc\Slot.h">
      <Filter>mfx\doc</Filter>
    </ClInclude>
    <ClInclude Include="mfx\doc\Preset.h">
      <Filter>mfx\doc</Filter>
    </ClInclude>
    <ClInclude Include="mfx\pi\PluginModel.h">
      <Filter>mfx\pi</Filter>
    </ClInclude>
    <ClInclude Include="mfx\cmd\Central.h">
      <Filter>mfx\cmd</Filter>
    </ClInclude>
    <ClInclude Include="mfx\cmd\Slot.h">
      <Filter>mfx\cmd</Filter>
    </ClInclude>
    <ClInclude Include="mfx\cmd\Plugin.h">
      <Filter>mfx\cmd</Filter>
    </ClInclude>
    <ClInclude Include="mfx\cmd\BufAlloc.h">
      <Filter>mfx\cmd</Filter>
    </ClInclude>
    <ClInclude Include="mfx\PiType.h">
      <Filter>mfx</Filter>
    </ClInclude>
    <ClInclude Include="mfx\cmd\CentralCbInterface.h">
      <Filter>mfx\cmd</Filter>
    </ClInclude>
    <ClInclude Include="mfx\ui\DisplayPi3St7920.h">
      <Filter>mfx\ui</Filter>
    </ClInclude>
    <ClInclude Include="mfx\ui\TimeShareCbInterface.h">
      <Filter>mfx\ui</Filter>
    </ClInclude>
    <ClInclude Include="mfx\ui\TimeShareThread.h">
      <Filter>mfx\ui</Filter>
    </ClInclude>
    <ClInclude Include="mfx\doc\ActionTrigger.h">
      <Filter>mfx\doc</Filter>
    </ClInclude>
    <ClInclude Include="mfx\doc\ActionType.h">
      <Filter>mfx\doc</Filter>
    </ClInclude>
    <ClInclude Include="mfx\doc\PedalActionCycle.h">
      <Filter>mfx\doc</Filter>
    </ClInclude>
    <ClInclude Include="mfx\doc\PedalActionGroup.h">
      <Filter>mfx\doc</Filter>
    </ClInclude>
    <ClInclude Include="mfx\doc\PedalboardLayout.h">
      <Filter>mfx\doc</Filter>
    </ClInclude>
    <ClInclude Include="mfx\doc\Bank.h">
      <Filter>mfx\doc</Filter>
    </ClInclude>
    <ClInclude Include="mfx\doc\ActionBank.h">
      <Filter>mfx\doc</Filter>
    </ClInclude>
    <ClInclude Include="mfx\doc\ActionPreset.h">
      <Filter>mfx\doc</Filter>
    </ClInclude>
    <ClInclude Include="mfx\doc\PedalActionSingleInterface.h">
      <Filter>mfx\doc</Filter>
    </ClInclude>
    <ClInclude Include="mfx\doc\ActionToggleTuner.h">
      <Filter>mfx\doc</Filter>
    </ClInclude>
    <ClInclude Include="mfx\doc\ActionToggleFx.h">
      <Filter>mfx\doc</Filter>
    </ClInclude>
    <ClInclude Include="mfx\doc\ActionParam.h">
      <Filter>mfx\doc</Filter>
    </ClInclude>
    <ClInclude Include="mfx\doc\FxId.h">
      <Filter>mfx\doc</Filter>
    </ClInclude>
    <ClInclude Include="mfx\Model.h">
      <Filter>mfx</Filter>
    </ClInclude>
    <ClInclude Include="mfx\ModelObserverInterface.h">
      <Filter>mfx</Filter>
    </ClInclude>
    <ClInclude Include="mfx\dsp\iir\SvfCore4Simd.h">
      <Filter>mfx\dsp\iir</Filter>
    </ClInclude>
    <ClInclude Include="mfx\dsp\iir\SvfCore4SimdData.h">
      <Filter>mfx\dsp\iir</Filter>
    </ClInclude>
    <ClInclude Include="mfx\dsp\iir\SvfMixerBand.h">
      <Filter>mfx\dsp\iir</Filter>
    </ClInclude>
    <ClInclude Include="mfx\dsp\iir\SvfMixerBand.hpp">
      <Filter>mfx\dsp\iir</Filter>
    </ClInclude>
    <ClInclude Include="mfx\dsp\iir\SvfMixerDefault.h">
      <Filter>mfx\dsp\iir</Filter>
    </ClInclude>
    <ClInclude Include="mfx\dsp\iir\SvfMixerDefault.hpp">
      <Filter>mfx\dsp\iir</Filter>
    </ClInclude>
    <ClInclude Include="mfx\dsp\iir\SvfMixerHigh.h">
      <Filter>mfx\dsp\iir</Filter>
    </ClInclude>
    <ClInclude Include="mfx\dsp\iir\SvfMixerHigh.hpp">
      <Filter>mfx\dsp\iir</Filter>
    </ClInclude>
    <ClInclude Include="mfx\dsp\iir\SvfMixerLow.h">
      <Filter>mfx\dsp\iir</Filter>
    </ClInclude>
    <ClInclude Include="mfx\dsp\iir\SvfMixerLow.hpp">
      <Filter>mfx\dsp\iir</Filter>
    </ClInclude>
    <ClInclude Include="mfx\dsp\iir\SvfMixerPeak.h">
      <Filter>mfx\dsp\iir</Filter>
    </ClInclude>
    <ClInclude Include="mfx\dsp\iir\SvfMixerPeak.hpp">
      <Filter>mfx\dsp\iir</Filter>
    </ClInclude>
    <ClInclude Include="mfx\dsp\iir\Biquad.h">
      <Filter>mfx\dsp\iir</Filter>
    </ClInclude>
    <ClInclude Include="mfx\dsp\iir\Biquad.hpp">
      <Filter>mfx\dsp\iir</Filter>
    </ClInclude>
    <ClInclude Include="mfx\dsp\iir\TransSZBilin.h">
      <Filter>mfx\dsp\iir</Filter>
    </ClInclude>
    <ClInclude Include="mfx\dsp\iir\TransSZBilin.hpp">
      <Filter>mfx\dsp\iir</Filter>
    </ClInclude>
    <ClInclude Include="mfx\dsp\iir\TransS.h">
      <Filter>mfx\dsp\iir</Filter>
    </ClInclude>
    <ClInclude Include="mfx\dsp\iir\Svf2p.h">
      <Filter>mfx\dsp\iir</Filter>
    </ClInclude>
    <ClInclude Include="mfx\dsp\iir\Svf2p.hpp">
      <Filter>mfx\dsp\iir</Filter>
    </ClInclude>
    <ClInclude Include="mfx\dsp\iir\SvfCore4Simd.hpp">
      <Filter>mfx\dsp\iir</Filter>
    </ClInclude>
    <ClInclude Include="fstb\Approx.h">
      <Filter>fstb</Filter>
    </ClInclude>
    <ClInclude Include="fstb\Approx.hpp">
      <Filter>fstb</Filter>
    </ClInclude>
    <ClInclude Include="mfx\pi\Tremolo.h">
      <Filter>mfx\pi</Filter>
    </ClInclude>
    <ClInclude Include="mfx\pi\param\MapPiecewiseLinLog.h">
      <Filter>mfx\pi\param</Filter>
    </ClInclude>
    <ClInclude Include="mfx\pi\Wha.h">
      <Filter>mfx\pi</Filter>
    </ClInclude>
    <ClInclude Include="hiir\def.h">
      <Filter>hiir</Filter>
    </ClInclude>
    <ClInclude Include="hiir\Downsampler2x3dnow.h">
      <Filter>hiir</Filter>
    </ClInclude>
    <ClInclude Include="hiir\Downsampler2x3dnow.hpp">
      <Filter>hiir</Filter>
    </ClInclude>
    <ClInclude Include="hiir\Downsampler2x4Sse.h">
      <Filter>hiir</Filter>
    </ClInclude>
    <ClInclude Include="hiir\Downsampler2x4Sse.hpp">
      <Filter>hiir</Filter>
    </ClInclude>
    <ClInclude Include="hiir\Downsampler2xFpu.h">
      <Filter>hiir</Filter>
    </ClInclude>
    <ClInclude Include="hiir\Downsampler2xFpu.hpp">
      <Filter>hiir</Filter>
    </ClInclude>
    <ClInclude Include="hiir\Downsampler2xSse.h">
      <Filter>hiir</Filter>
    </ClInclude>
    <ClInclude Include="hiir\Downsampler2xSse.hpp">
      <Filter>hiir</Filter>
    </ClInclude>
    <ClInclude Include="hiir\fnc.h">
      <Filter>hiir</Filter>
    </ClInclude>
    <ClInclude Include="hiir\fnc.hpp">
      <Filter>hiir</Filter>
    </ClInclude>
    <ClInclude Include="hiir\PhaseHalfPi3dnow.h">
      <Filter>hiir</Filter>
    </ClInclude>
    <ClInclude Include="hiir\PhaseHalfPi3dnow.hpp">
      <Filter>hiir</Filter>
    </ClInclude>
    <ClInclude Include="hiir\PhaseHalfPiFpu.h">
      <Filter>hiir</Filter>
    </ClInclude>
    <ClInclude Include="hiir\PhaseHalfPiFpu.hpp">
      <Filter>hiir</Filter>
    </ClInclude>
    <ClInclude Include="hiir\PhaseHalfPiSse.h">
      <Filter>hiir</Filter>
    </ClInclude>
    <ClInclude Include="hiir\PhaseHalfPiSse.hpp">
      <Filter>hiir</Filter>
    </ClInclude>
    <ClInclude Include="hiir\PolyphaseIir2Designer.h">
      <Filter>hiir</Filter>
    </ClInclude>
    <ClInclude Include="hiir\StageData3dnow.h">
      <Filter>hiir</Filter>
    </ClInclude>
    <ClInclude Include="hiir\StageDataSse.h">
      <Filter>hiir</Filter>
    </ClInclude>
    <ClInclude Include="hiir\StageProc3dnow.h">
      <Filter>hiir</Filter>
    </ClInclude>
    <ClInclude Include="hiir\StageProc3dnow.hpp">
      <Filter>hiir</Filter>
    </ClInclude>
    <ClInclude Include="hiir\StageProc4Sse.h">
      <Filter>hiir</Filter>
    </ClInclude>
    <ClInclude Include="hiir\StageProc4Sse.hpp">
      <Filter>hiir</Filter>
    </ClInclude>
    <ClInclude Include="hiir\StageProcFpu.h">
      <Filter>hiir</Filter>
    </ClInclude>
    <ClInclude Include="hiir\StageProcFpu.hpp">
      <Filter>hiir</Filter>
    </ClInclude>
    <ClInclude Include="hiir\StageProcSse.h">
      <Filter>hiir</Filter>
    </ClInclude>
    <ClInclude Include="hiir\StageProcSse.hpp">
      <Filter>hiir</Filter>
    </ClInclude>
    <ClInclude Include="hiir\Upsampler2x3dnow.h">
      <Filter>hiir</Filter>
    </ClInclude>
    <ClInclude Include="hiir\Upsampler2x3dnow.hpp">
      <Filter>hiir</Filter>
    </ClInclude>
    <ClInclude Include="hiir\Upsampler2x4Sse.h">
      <Filter>hiir</Filter>
    </ClInclude>
    <ClInclude Include="hiir\Upsampler2x4Sse.hpp">
      <Filter>hiir</Filter>
    </ClInclude>
    <ClInclude Include="hiir\Upsampler2xFpu.h">
      <Filter>hiir</Filter>
    </ClInclude>
    <ClInclude Include="hiir\Upsampler2xFpu.hpp">
      <Filter>hiir</Filter>
    </ClInclude>
    <ClInclude Include="hiir\Upsampler2xSse.h">
      <Filter>hiir</Filter>
    </ClInclude>
    <ClInclude Include="hiir\Upsampler2xSse.hpp">
      <Filter>hiir</Filter>
    </ClInclude>
    <ClInclude Include="hiir\StageDataNeon.h">
      <Filter>hiir</Filter>
    </ClInclude>
    <ClInclude Include="hiir\StageProc4Neon.h">
      <Filter>hiir</Filter>
    </ClInclude>
    <ClInclude Include="hiir\StageProc4Neon.hpp">
      <Filter>hiir</Filter>
    </ClInclude>
    <ClInclude Include="hiir\StageProcNeon.h">
      <Filter>hiir</Filter>
    </ClInclude>
    <ClInclude Include="hiir\StageProcNeon.hpp">
      <Filter>hiir</Filter>
    </ClInclude>
    <ClInclude Include="hiir\PhaseHalfPiNeon.h">
      <Filter>hiir</Filter>
    </ClInclude>
    <ClInclude Include="hiir\PhaseHalfPiNeon.hpp">
      <Filter>hiir</Filter>
    </ClInclude>
    <ClInclude Include="mfx\pi\FrequencyShifter.h">
      <Filter>mfx\pi</Filter>
    </ClInclude>
    <ClInclude Include="mfx\pi\PhaseHalfPi.h">
      <Filter>mfx\pi</Filter>
    </ClInclude>
    <ClInclude Include="mfx\dsp\osc\OscSinCosStable4Simd.h">
      <Filter>mfx\dsp\osc</Filter>
    </ClInclude>
    <ClInclude Include="mfx\ui\IoWindows.h">
      <Filter>mfx\ui</Filter>
    </ClInclude>
    <ClInclude Include="asiosdk2\common\asio.h">
      <Filter>asiosdk2\common</Filter>
    </ClInclude>
    <ClInclude Include="asiosdk2\common\asiodrvr.h">
      <Filter>asiosdk2\common</Filter>
    </ClInclude>
    <ClInclude Include="asiosdk2\common\asiosys.h">
      <Filter>asiosdk2\common</Filter>
    </ClInclude>
    <ClInclude Include="asiosdk2\common\combase.h">
      <Filter>asiosdk2\common</Filter>
    </ClInclude>
    <ClInclude Include="asiosdk2\common\iasiodrv.h">
      <Filter>asiosdk2\common</Filter>
    </ClInclude>
    <ClInclude Include="asiosdk2\common\wxdebug.h">
      <Filter>asiosdk2\common</Filter>
    </ClInclude>
    <ClInclude Include="asiosdk2\host\ASIOConvertSamples.h">
      <Filter>asiosdk2\host</Filter>
    </ClInclude>
    <ClInclude Include="asiosdk2\host\asiodrivers.h">
      <Filter>asiosdk2\host</Filter>
    </ClInclude>
    <ClInclude Include="asiosdk2\host\ginclude.h">
      <Filter>asiosdk2\host</Filter>
    </ClInclude>
    <ClInclude Include="asiosdk2\host\pc\asiolist.h">
      <Filter>asiosdk2\host\pc</Filter>
    </ClInclude>
    <ClInclude Include="mfx\doc\Setup.h">
      <Filter>mfx\doc</Filter>
    </ClInclude>
    <ClInclude Include="mfx\adrv\DriverInterface.h">
      <Filter>mfx\adrv</Filter>
    </ClInclude>
    <ClInclude Include="mfx\adrv\DAsio.h">
      <Filter>mfx\adrv</Filter>
    </ClInclude>
    <ClInclude Include="mfx\adrv\DJack.h">
      <Filter>mfx\adrv</Filter>
    </ClInclude>
    <ClInclude Include="mfx\adrv\DAlsa.h">
      <Filter>mfx\adrv</Filter>
    </ClInclude>
    <ClInclude Include="mfx\adrv\CbInterface.h">
      <Filter>mfx\adrv</Filter>
    </ClInclude>
    <ClInclude Include="mfx\uitk\NodeInterface.h">
      <Filter>mfx\uitk</Filter>
    </ClInclude>
    <ClInclude Include="mfx\uitk\Vec2d.h">
      <Filter>mfx\uitk</Filter>
    </ClInclude>
    <ClInclude Include="mfx\uitk\Vec2d.hpp">
      <Filter>mfx\uitk</Filter>
    </ClInclude>
    <ClInclude Include="mfx\uitk\Button.h">
      <Filter>mfx\uitk</Filter>
    </ClInclude>
    <ClInclude Include="mfx\uitk\NodeEvt.h">
      <Filter>mfx\uitk</Filter>
    </ClInclude>
    <ClInclude Include="mfx\uitk\ContainerInterface.h">
      <Filter>mfx\uitk</Filter>
    </ClInclude>
    <ClInclude Include="mfx\uitk\Rect.h">
      <Filter>mfx\uitk</Filter>
    </ClInclude>
    <ClInclude Include="mfx\uitk\NText.h">
      <Filter>mfx\uitk</Filter>
    </ClInclude>
    <ClInclude Include="mfx\uitk\NWindow.h">
      <Filter>mfx\uitk</Filter>
    </ClInclude>
    <ClInclude Include="mfx\uitk\NBitmap.h">
      <Filter>mfx\uitk</Filter>
    </ClInclude>
    <ClInclude Include="mfx\uitk\NodeBase.h">
      <Filter>mfx\uitk</Filter>
    </ClInclude>
    <ClInclude Include="mfx\uitk\Rect.hpp">
      <Filter>mfx\uitk</Filter>
    </ClInclude>
    <ClInclude Include="mfx\pi\param\Tools.hpp">
      <Filter>mfx\pi\param</Filter>
    </ClInclude>
    <ClInclude Include="mfx\uitk\ParentInterface.h">
      <Filter>mfx\uitk</Filter>
    </ClInclude>
    <ClInclude Include="mfx\uitk\Page.h">
      <Filter>mfx\uitk</Filter>
    </ClInclude>
    <ClInclude Include="mfx\uitk\pg\CurProg.h">
      <Filter>mfx\uitk\pg</Filter>
    </ClInclude>
    <ClInclude Include="mfx\uitk\MsgHandlerInterface.h">
      <Filter>mfx\uitk</Filter>
    </ClInclude>
    <ClInclude Include="mfx\uitk\PageMgrInterface.h">
      <Filter>mfx\uitk</Filter>
    </ClInclude>
    <ClInclude Include="mfx\ModelObserverDefault.h">
      <Filter>mfx</Filter>
    </ClInclude>
    <ClInclude Include="mfx\View.h">
      <Filter>mfx</Filter>
    </ClInclude>
    <ClInclude Include="mfx\uitk\pg\Tuner.h">
      <Filter>mfx\uitk\pg</Filter>
    </ClInclude>
    <ClInclude Include="mfx\uitk\PageInterface.h">
      <Filter>mfx\uitk</Filter>
    </ClInclude>
    <ClInclude Include="mfx\uitk\NavLoc.h">
      <Filter>mfx\uitk</Filter>
    </ClInclude>
    <ClInclude Include="mfx\uitk\PageSwitcher.h">
      <Filter>mfx\uitk</Filter>
    </ClInclude>
    <ClInclude Include="mfx\uitk\pg\PageType.h">
      <Filter>mfx\uitk\pg</Filter>
    </ClInclude>
    <ClInclude Include="mfx\uitk\pg\MenuMain.h">
      <Filter>mfx\uitk\pg</Filter>
    </ClInclude>
    <ClInclude Include="mfx\uitk\pg\EditProg.h">
      <Filter>mfx\uitk\pg</Filter>
    </ClInclude>
    <ClInclude Include="mfx\uitk\pg\ParamList.h">
      <Filter>mfx\uitk\pg</Filter>
    </ClInclude>
    <ClInclude Include="mfx\LocEdit.h">
      <Filter>mfx</Filter>
    </ClInclude>
    <ClInclude Include="mfx\uitk\pg\Tools.h">
      <Filter>mfx\uitk\pg</Filter>
    </ClInclude>
    <ClInclude Include="mfx\uitk\pg\ParamEdit.h">
      <Filter>mfx\uitk\pg</Filter>
    </ClInclude>
    <ClInclude Include="mfx\doc\ParamPresentation.h">
      <Filter>mfx\doc</Filter>
    </ClInclude>
  </ItemGroup>
  <ItemGroup>
    <ClCompile Include="mfx\piapi\PluginInterface.cpp">
      <Filter>mfx\piapi</Filter>
    </ClCompile>
    <ClCompile Include="fstb\CpuId.cpp">
      <Filter>fstb</Filter>
    </ClCompile>
    <ClCompile Include="fstb\fnc.cpp">
      <Filter>fstb</Filter>
    </ClCompile>
    <ClCompile Include="fstb\ToolsAvx2.cpp">
      <Filter>fstb</Filter>
    </ClCompile>
    <ClCompile Include="fstb\ToolsSse2.cpp">
      <Filter>fstb</Filter>
    </ClCompile>
    <ClCompile Include="main.cpp" />
    <ClCompile Include="fstb\ToolsSimd.cpp">
      <Filter>fstb</Filter>
    </ClCompile>
    <ClCompile Include="mfx\Overdrive.cpp">
      <Filter>mfx</Filter>
    </ClCompile>
    <ClCompile Include="mfx\ui\DisplayInterface.cpp">
      <Filter>mfx\ui</Filter>
    </ClCompile>
    <ClCompile Include="mfx\ui\DisplayPi3Pcd8544.cpp">
      <Filter>mfx\ui</Filter>
    </ClCompile>
    <ClCompile Include="mfx\ui\UserInputInterface.cpp">
      <Filter>mfx\ui</Filter>
    </ClCompile>
    <ClCompile Include="mfx\ui\UserInputPi3.cpp">
      <Filter>mfx\ui</Filter>
    </ClCompile>
    <ClCompile Include="mfx\ui\LedInterface.cpp">
      <Filter>mfx\ui</Filter>
    </ClCompile>
    <ClCompile Include="mfx\ui\LedPi3.cpp">
      <Filter>mfx\ui</Filter>
    </ClCompile>
    <ClCompile Include="mfx\GpioPwm.cpp">
      <Filter>mfx</Filter>
    </ClCompile>
    <ClCompile Include="mfx\ui\UserInputMsg.cpp">
      <Filter>mfx\ui</Filter>
    </ClCompile>
    <ClCompile Include="mfx\ui\FontDataDefault.cpp">
      <Filter>mfx\ui</Filter>
    </ClCompile>
    <ClCompile Include="mfx\ui\Font.cpp">
      <Filter>mfx\ui</Filter>
    </ClCompile>
    <ClCompile Include="mfx\pi\DistoSimple.cpp">
      <Filter>mfx\pi</Filter>
    </ClCompile>
    <ClCompile Include="mfx\pi\param\HelperDispNum.cpp">
      <Filter>mfx\pi\param</Filter>
    </ClCompile>
    <ClCompile Include="mfx\pi\param\Tools.cpp">
      <Filter>mfx\pi\param</Filter>
    </ClCompile>
    <ClCompile Include="fstb\txt\unicode\CharData.cpp">
      <Filter>fstb\txt\unicode</Filter>
    </ClCompile>
    <ClCompile Include="fstb\txt\unicode\CharDataBuilder.cpp">
      <Filter>fstb\txt\unicode</Filter>
    </ClCompile>
    <ClCompile Include="fstb\txt\unicode\unicode.cpp">
      <Filter>fstb\txt\unicode</Filter>
    </ClCompile>
    <ClCompile Include="fstb\txt\utf8\Codec8.cpp">
      <Filter>fstb\txt\utf8</Filter>
    </ClCompile>
    <ClCompile Include="fstb\txt\utf8\ConvNum.cpp">
      <Filter>fstb\txt\utf8</Filter>
    </ClCompile>
    <ClCompile Include="fstb\txt\utf8\def.cpp">
      <Filter>fstb\txt\utf8</Filter>
    </ClCompile>
    <ClCompile Include="fstb\txt\utf8\fnc.cpp">
      <Filter>fstb\txt\utf8</Filter>
    </ClCompile>
    <ClCompile Include="fstb\txt\neutral\fnc.cpp">
      <Filter>fstb\txt\neutral</Filter>
    </ClCompile>
    <ClCompile Include="fstb\util\ObservableMultiMixin.cpp">
      <Filter>fstb\util</Filter>
    </ClCompile>
    <ClCompile Include="mfx\pi\ParamState.cpp">
      <Filter>mfx\pi</Filter>
    </ClCompile>
    <ClCompile Include="mfx\dsp\mix\Align.cpp">
      <Filter>mfx\dsp\mix</Filter>
    </ClCompile>
    <ClCompile Include="mfx\dsp\mix\Fpu.cpp">
      <Filter>mfx\dsp\mix</Filter>
    </ClCompile>
    <ClCompile Include="mfx\dsp\mix\Generic.cpp">
      <Filter>mfx\dsp\mix</Filter>
    </ClCompile>
    <ClCompile Include="mfx\pi\DryWet.cpp">
      <Filter>mfx\pi</Filter>
    </ClCompile>
    <ClCompile Include="mfx\pi\ParamDescSet.cpp">
      <Filter>mfx\pi</Filter>
    </ClCompile>
    <ClCompile Include="mfx\pi\ParamStateSet.cpp">
      <Filter>mfx\pi</Filter>
    </ClCompile>
    <ClCompile Include="fstb\BitFieldSparse.cpp">
      <Filter>fstb</Filter>
    </ClCompile>
    <ClCompile Include="mfx\PluginPool.cpp">
      <Filter>mfx</Filter>
    </ClCompile>
    <ClCompile Include="mfx\ui\RotEnc.cpp">
      <Filter>mfx\ui</Filter>
    </ClCompile>
    <ClCompile Include="mfx\WorldAudio.cpp">
      <Filter>mfx</Filter>
    </ClCompile>
    <ClCompile Include="mfx\ProcessingContext.cpp">
      <Filter>mfx</Filter>
    </ClCompile>
    <ClCompile Include="mfx\ProcessingContextNode.cpp">
      <Filter>mfx</Filter>
    </ClCompile>
    <ClCompile Include="mfx\ControlledParam.cpp">
      <Filter>mfx</Filter>
    </ClCompile>
    <ClCompile Include="mfx\CtrlUnit.cpp">
      <Filter>mfx</Filter>
    </ClCompile>
    <ClCompile Include="mfx\ui\DisplayVoid.cpp">
      <Filter>mfx\ui</Filter>
    </ClCompile>
    <ClCompile Include="mfx\ui\LedVoid.cpp">
      <Filter>mfx\ui</Filter>
    </ClCompile>
    <ClCompile Include="mfx\ui\UserInputVoid.cpp">
      <Filter>mfx\ui</Filter>
    </ClCompile>
    <ClCompile Include="mfx\pi\Tuner.cpp">
      <Filter>mfx\pi</Filter>
    </ClCompile>
    <ClCompile Include="mfx\pi\FreqAnalyser.cpp">
      <Filter>mfx\pi</Filter>
    </ClCompile>
    <ClCompile Include="mfx\doc\CtrlLinkSet.cpp">
      <Filter>mfx\doc</Filter>
    </ClCompile>
    <ClCompile Include="mfx\cmd\Central.cpp">
      <Filter>mfx\cmd</Filter>
    </ClCompile>
    <ClCompile Include="mfx\cmd\Plugin.cpp">
      <Filter>mfx\cmd</Filter>
    </ClCompile>
    <ClCompile Include="mfx\cmd\BufAlloc.cpp">
      <Filter>mfx\cmd</Filter>
    </ClCompile>
    <ClCompile Include="mfx\cmd\CentralCbInterface.cpp">
      <Filter>mfx\cmd</Filter>
    </ClCompile>
    <ClCompile Include="mfx\ui\DisplayPi3St7920.cpp">
      <Filter>mfx\ui</Filter>
    </ClCompile>
    <ClCompile Include="mfx\ui\TimeShareCbInterface.cpp">
      <Filter>mfx\ui</Filter>
    </ClCompile>
    <ClCompile Include="mfx\ui\TimeShareThread.cpp">
      <Filter>mfx\ui</Filter>
    </ClCompile>
    <ClCompile Include="mfx\doc\ActionBank.cpp">
      <Filter>mfx\doc</Filter>
    </ClCompile>
    <ClCompile Include="mfx\doc\ActionParam.cpp">
      <Filter>mfx\doc</Filter>
    </ClCompile>
    <ClCompile Include="mfx\doc\ActionPreset.cpp">
      <Filter>mfx\doc</Filter>
    </ClCompile>
    <ClCompile Include="mfx\doc\ActionToggleFx.cpp">
      <Filter>mfx\doc</Filter>
    </ClCompile>
    <ClCompile Include="mfx\doc\ActionToggleTuner.cpp">
      <Filter>mfx\doc</Filter>
    </ClCompile>
    <ClCompile Include="mfx\pi\PluginModel.cpp">
      <Filter>mfx\pi</Filter>
    </ClCompile>
    <ClCompile Include="mfx\Model.cpp">
      <Filter>mfx</Filter>
    </ClCompile>
    <ClCompile Include="mfx\doc\PedalActionCycle.cpp">
      <Filter>mfx\doc</Filter>
    </ClCompile>
    <ClCompile Include="mfx\doc\PedalActionSingleInterface.cpp">
      <Filter>mfx\doc</Filter>
    </ClCompile>
    <ClCompile Include="mfx\doc\PedalboardLayout.cpp">
      <Filter>mfx\doc</Filter>
    </ClCompile>
    <ClCompile Include="mfx\doc\Preset.cpp">
      <Filter>mfx\doc</Filter>
    </ClCompile>
    <ClCompile Include="mfx\ModelObserverInterface.cpp">
      <Filter>mfx</Filter>
    </ClCompile>
    <ClCompile Include="mfx\doc\FxId.cpp">
      <Filter>mfx\doc</Filter>
    </ClCompile>
    <ClCompile Include="mfx\dsp\iir\Biquad.cpp">
      <Filter>mfx\dsp\iir</Filter>
    </ClCompile>
    <ClCompile Include="mfx\dsp\iir\TransSZBilin.cpp">
      <Filter>mfx\dsp\iir</Filter>
    </ClCompile>
    <ClCompile Include="mfx\dsp\iir\TransS.cpp">
      <Filter>mfx\dsp\iir</Filter>
    </ClCompile>
    <ClCompile Include="mfx\dsp\iir\Svf2p.cpp">
      <Filter>mfx\dsp\iir</Filter>
    </ClCompile>
    <ClCompile Include="mfx\pi\Tremolo.cpp">
      <Filter>mfx\pi</Filter>
    </ClCompile>
    <ClCompile Include="mfx\pi\param\TplEnum.cpp">
      <Filter>mfx\pi\param</Filter>
    </ClCompile>
    <ClCompile Include="mfx\pi\param\TplLin.cpp">
      <Filter>mfx\pi\param</Filter>
    </ClCompile>
    <ClCompile Include="mfx\pi\param\MapPiecewiseLinLog.cpp">
      <Filter>mfx\pi\param</Filter>
    </ClCompile>
    <ClCompile Include="mfx\pi\Wha.cpp">
      <Filter>mfx\pi</Filter>
    </ClCompile>
    <ClCompile Include="hiir\PolyphaseIir2Designer.cpp">
      <Filter>hiir</Filter>
    </ClCompile>
    <ClCompile Include="mfx\pi\FrequencyShifter.cpp">
      <Filter>mfx\pi</Filter>
    </ClCompile>
    <ClCompile Include="mfx\dsp\osc\OscSinCosStable4Simd.cpp">
      <Filter>mfx\dsp\osc</Filter>
    </ClCompile>
    <ClCompile Include="mfx\ui\IoWindows.cpp">
      <Filter>mfx\ui</Filter>
    </ClCompile>
    <ClCompile Include="asiosdk2\common\asio.cpp">
      <Filter>asiosdk2\common</Filter>
    </ClCompile>
    <ClCompile Include="asiosdk2\common\asiodrvr.cpp">
      <Filter>asiosdk2\common</Filter>
    </ClCompile>
    <ClCompile Include="asiosdk2\common\combase.cpp">
      <Filter>asiosdk2\common</Filter>
    </ClCompile>
    <ClCompile Include="asiosdk2\common\debugmessage.cpp">
      <Filter>asiosdk2\common</Filter>
    </ClCompile>
    <ClCompile Include="asiosdk2\common\register.cpp">
      <Filter>asiosdk2\common</Filter>
    </ClCompile>
    <ClCompile Include="asiosdk2\host\ASIOConvertSamples.cpp">
      <Filter>asiosdk2\host</Filter>
    </ClCompile>
    <ClCompile Include="asiosdk2\host\asiodrivers.cpp">
      <Filter>asiosdk2\host</Filter>
    </ClCompile>
    <ClCompile Include="asiosdk2\host\pc\asiolist.cpp">
      <Filter>asiosdk2\host\pc</Filter>
    </ClCompile>
    <ClCompile Include="mfx\adrv\DriverInterface.cpp">
      <Filter>mfx\adrv</Filter>
    </ClCompile>
    <ClCompile Include="mfx\adrv\DAsio.cpp">
      <Filter>mfx\adrv</Filter>
    </ClCompile>
    <ClCompile Include="mfx\adrv\DJack.cpp">
      <Filter>mfx\adrv</Filter>
    </ClCompile>
    <ClCompile Include="mfx\adrv\DAlsa.cpp">
      <Filter>mfx\adrv</Filter>
    </ClCompile>
    <ClCompile Include="mfx\adrv\CbInterface.cpp">
      <Filter>mfx\adrv</Filter>
    </ClCompile>
    <ClCompile Include="mfx\uitk\NodeInterface.cpp">
      <Filter>mfx\uitk</Filter>
    </ClCompile>
    <ClCompile Include="mfx\uitk\ContainerInterface.cpp">
      <Filter>mfx\uitk</Filter>
    </ClCompile>
    <ClCompile Include="mfx\uitk\NText.cpp">
      <Filter>mfx\uitk</Filter>
    </ClCompile>
    <ClCompile Include="mfx\uitk\NWindow.cpp">
      <Filter>mfx\uitk</Filter>
    </ClCompile>
    <ClCompile Include="mfx\uitk\NBitmap.cpp">
      <Filter>mfx\uitk</Filter>
    </ClCompile>
    <ClCompile Include="mfx\uitk\NodeBase.cpp">
      <Filter>mfx\uitk</Filter>
    </ClCompile>
    <ClCompile Include="mfx\uitk\NodeEvt.cpp">
      <Filter>mfx\uitk</Filter>
    </ClCompile>
    <ClCompile Include="mfx\uitk\ParentInterface.cpp">
      <Filter>mfx\uitk</Filter>
    </ClCompile>
    <ClCompile Include="mfx\uitk\Page.cpp">
      <Filter>mfx\uitk</Filter>
    </ClCompile>
    <ClCompile Include="mfx\uitk\pg\CurProg.cpp">
      <Filter>mfx\uitk\pg</Filter>
    </ClCompile>
    <ClCompile Include="mfx\uitk\MsgHandlerInterface.cpp">
      <Filter>mfx\uitk</Filter>
    </ClCompile>
    <ClCompile Include="mfx\uitk\PageMgrInterface.cpp">
      <Filter>mfx\uitk</Filter>
    </ClCompile>
    <ClCompile Include="mfx\View.cpp">
      <Filter>mfx</Filter>
    </ClCompile>
    <ClCompile Include="mfx\uitk\pg\Tuner.cpp">
      <Filter>mfx\uitk\pg</Filter>
    </ClCompile>
    <ClCompile Include="mfx\uitk\PageInterface.cpp">
      <Filter>mfx\uitk</Filter>
    </ClCompile>
    <ClCompile Include="mfx\uitk\NavLoc.cpp">
      <Filter>mfx\uitk</Filter>
    </ClCompile>
    <ClCompile Include="mfx\uitk\PageSwitcher.cpp">
      <Filter>mfx\uitk</Filter>
    </ClCompile>
    <ClCompile Include="mfx\uitk\pg\MenuMain.cpp">
      <Filter>mfx\uitk\pg</Filter>
    </ClCompile>
    <ClCompile Include="mfx\uitk\pg\EditProg.cpp">
      <Filter>mfx\uitk\pg</Filter>
    </ClCompile>
    <ClCompile Include="mfx\doc\Slot.cpp">
      <Filter>mfx\doc</Filter>
    </ClCompile>
    <ClCompile Include="mfx\uitk\pg\ParamList.cpp">
      <Filter>mfx\uitk\pg</Filter>
    </ClCompile>
    <ClCompile Include="mfx\uitk\pg\Tools.cpp">
      <Filter>mfx\uitk\pg</Filter>
    </ClCompile>
    <ClCompile Include="mfx\uitk\pg\ParamEdit.cpp">
      <Filter>mfx\uitk\pg</Filter>
    </ClCompile>
  </ItemGroup>
</Project>