<?xml version="1.0" encoding="utf-8"?>
<Project ToolsVersion="4.0" xmlns="http://schemas.microsoft.com/developer/msbuild/2003">
  <ItemGroup>
    <Filter Include="mfx">
      <UniqueIdentifier>{9dbe5005-b03a-41a5-b7f2-5f40d5da204e}</UniqueIdentifier>
    </Filter>
    <Filter Include="mfx\piapi">
      <UniqueIdentifier>{cee897df-205a-4ed3-aae4-3825eef2ab4d}</UniqueIdentifier>
    </Filter>
    <Filter Include="conc">
      <UniqueIdentifier>{8001b601-47bf-48bd-89d9-44eda493b132}</UniqueIdentifier>
    </Filter>
    <Filter Include="fstb">
      <UniqueIdentifier>{f8c239ad-74be-4ed6-8b15-db2db9549ad6}</UniqueIdentifier>
    </Filter>
    <Filter Include="jack">
      <UniqueIdentifier>{5a0a9cfa-12d0-4338-bc0b-aaa5fb514ab8}</UniqueIdentifier>
    </Filter>
    <Filter Include="mfx\ui">
      <UniqueIdentifier>{6f074c63-9327-4a2b-baf6-1226d06f039b}</UniqueIdentifier>
    </Filter>
    <Filter Include="mfx\pi">
      <UniqueIdentifier>{0abc7ff7-ecb5-4920-994e-3fa9b489eeeb}</UniqueIdentifier>
    </Filter>
    <Filter Include="mfx\pi\param">
      <UniqueIdentifier>{979c7a9d-ed44-4b6a-b4bd-4526c8f82d1f}</UniqueIdentifier>
    </Filter>
    <Filter Include="fstb\txt">
      <UniqueIdentifier>{966573b7-f3ad-4c46-bc91-f3e39f54407c}</UniqueIdentifier>
    </Filter>
    <Filter Include="fstb\txt\utf8">
      <UniqueIdentifier>{3209da5b-0bc4-46c9-a501-5abde1d0f232}</UniqueIdentifier>
    </Filter>
    <Filter Include="fstb\txt\unicode">
      <UniqueIdentifier>{5fb7579f-1a41-4985-a08a-82d8e798b5e9}</UniqueIdentifier>
    </Filter>
    <Filter Include="fstb\txt\neutral">
      <UniqueIdentifier>{ebf96f8b-f469-451a-91e2-f5caee42be72}</UniqueIdentifier>
    </Filter>
    <Filter Include="fstb\util">
      <UniqueIdentifier>{9b59e8d3-2f24-4e4f-9198-420d6c0ed415}</UniqueIdentifier>
    </Filter>
    <Filter Include="mfx\dsp">
      <UniqueIdentifier>{2a1487ea-4471-49cb-8474-9fd6c7b9f9e4}</UniqueIdentifier>
    </Filter>
    <Filter Include="mfx\dsp\mix">
      <UniqueIdentifier>{adce5933-baf3-4ef7-8a5a-758044080fd2}</UniqueIdentifier>
    </Filter>
    <Filter Include="mfx\doc">
      <UniqueIdentifier>{b472b960-63a9-4a67-921a-941e3c871f48}</UniqueIdentifier>
    </Filter>
    <Filter Include="mfx\cmd">
      <UniqueIdentifier>{3b78661b-f282-43c6-ba7b-c13716846db3}</UniqueIdentifier>
    </Filter>
  </ItemGroup>
  <ItemGroup>
    <ClInclude Include="mfx\piapi\Event.h">
      <Filter>mfx\piapi</Filter>
    </ClInclude>
    <ClInclude Include="mfx\piapi\EventNoteOff.h">
      <Filter>mfx\piapi</Filter>
    </ClInclude>
    <ClInclude Include="mfx\piapi\EventNoteOn.h">
      <Filter>mfx\piapi</Filter>
    </ClInclude>
    <ClInclude Include="mfx\piapi\EventParam.h">
      <Filter>mfx\piapi</Filter>
    </ClInclude>
    <ClInclude Include="mfx\piapi\EventTs.h">
      <Filter>mfx\piapi</Filter>
    </ClInclude>
    <ClInclude Include="mfx\piapi\EventType.h">
      <Filter>mfx\piapi</Filter>
    </ClInclude>
    <ClInclude Include="mfx\piapi\ParamCateg.h">
      <Filter>mfx\piapi</Filter>
    </ClInclude>
    <ClInclude Include="mfx\piapi\ParamDescInterface.h">
      <Filter>mfx\piapi</Filter>
    </ClInclude>
    <ClInclude Include="mfx\piapi\ParamDescInterface.hpp">
      <Filter>mfx\piapi</Filter>
    </ClInclude>
    <ClInclude Include="mfx\piapi\PluginInterface.h">
      <Filter>mfx\piapi</Filter>
    </ClInclude>
    <ClInclude Include="conc\AioAdd.h">
      <Filter>conc</Filter>
    </ClInclude>
    <ClInclude Include="conc\AioAdd.hpp">
      <Filter>conc</Filter>
    </ClInclude>
    <ClInclude Include="conc\AioMax.h">
      <Filter>conc</Filter>
    </ClInclude>
    <ClInclude Include="conc\AioMax.hpp">
      <Filter>conc</Filter>
    </ClInclude>
    <ClInclude Include="conc\AioSub.h">
      <Filter>conc</Filter>
    </ClInclude>
    <ClInclude Include="conc\AioSub.hpp">
      <Filter>conc</Filter>
    </ClInclude>
    <ClInclude Include="conc\AtomicInt.h">
      <Filter>conc</Filter>
    </ClInclude>
    <ClInclude Include="conc\AtomicInt.hpp">
      <Filter>conc</Filter>
    </ClInclude>
    <ClInclude Include="conc\AtomicIntOp.h">
      <Filter>conc</Filter>
    </ClInclude>
    <ClInclude Include="conc\AtomicIntOp.hpp">
      <Filter>conc</Filter>
    </ClInclude>
    <ClInclude Include="conc\AtomicMem.h">
      <Filter>conc</Filter>
    </ClInclude>
    <ClInclude Include="conc\AtomicMem.hpp">
      <Filter>conc</Filter>
    </ClInclude>
    <ClInclude Include="conc\AtomicPtr.h">
      <Filter>conc</Filter>
    </ClInclude>
    <ClInclude Include="conc\AtomicPtr.hpp">
      <Filter>conc</Filter>
    </ClInclude>
    <ClInclude Include="conc\AtomicPtrIntPair.h">
      <Filter>conc</Filter>
    </ClInclude>
    <ClInclude Include="conc\AtomicPtrIntPair.hpp">
      <Filter>conc</Filter>
    </ClInclude>
    <ClInclude Include="conc\CellPool.h">
      <Filter>conc</Filter>
    </ClInclude>
    <ClInclude Include="conc\CellPool.hpp">
      <Filter>conc</Filter>
    </ClInclude>
    <ClInclude Include="conc\def.h">
      <Filter>conc</Filter>
    </ClInclude>
    <ClInclude Include="conc\fnc.h">
      <Filter>conc</Filter>
    </ClInclude>
    <ClInclude Include="conc\fnc.hpp">
      <Filter>conc</Filter>
    </ClInclude>
    <ClInclude Include="conc\Interlocked.h">
      <Filter>conc</Filter>
    </ClInclude>
    <ClInclude Include="conc\Interlocked.hpp">
      <Filter>conc</Filter>
    </ClInclude>
    <ClInclude Include="conc\LockFreeCell.h">
      <Filter>conc</Filter>
    </ClInclude>
    <ClInclude Include="conc\LockFreeQueue.h">
      <Filter>conc</Filter>
    </ClInclude>
    <ClInclude Include="conc\LockFreeQueue.hpp">
      <Filter>conc</Filter>
    </ClInclude>
    <ClInclude Include="conc\LockFreeStack.h">
      <Filter>conc</Filter>
    </ClInclude>
    <ClInclude Include="conc\LockFreeStack.hpp">
      <Filter>conc</Filter>
    </ClInclude>
    <ClInclude Include="conc\ObjFactoryDef.h">
      <Filter>conc</Filter>
    </ClInclude>
    <ClInclude Include="conc\ObjFactoryDef.hpp">
      <Filter>conc</Filter>
    </ClInclude>
    <ClInclude Include="conc\ObjFactoryInterface.h">
      <Filter>conc</Filter>
    </ClInclude>
    <ClInclude Include="conc\ObjFactoryInterface.hpp">
      <Filter>conc</Filter>
    </ClInclude>
    <ClInclude Include="conc\ObjPool.h">
      <Filter>conc</Filter>
    </ClInclude>
    <ClInclude Include="conc\ObjPool.hpp">
      <Filter>conc</Filter>
    </ClInclude>
    <ClInclude Include="fstb\AllocAlign.h">
      <Filter>fstb</Filter>
    </ClInclude>
    <ClInclude Include="fstb\AllocAlign.hpp">
      <Filter>fstb</Filter>
    </ClInclude>
    <ClInclude Include="fstb\ArrayAlign.h">
      <Filter>fstb</Filter>
    </ClInclude>
    <ClInclude Include="fstb\ArrayAlign.hpp">
      <Filter>fstb</Filter>
    </ClInclude>
    <ClInclude Include="fstb\CpuId.h">
      <Filter>fstb</Filter>
    </ClInclude>
    <ClInclude Include="fstb\def.h">
      <Filter>fstb</Filter>
    </ClInclude>
    <ClInclude Include="fstb\fnc.h">
      <Filter>fstb</Filter>
    </ClInclude>
    <ClInclude Include="fstb\fnc.hpp">
      <Filter>fstb</Filter>
    </ClInclude>
    <ClInclude Include="fstb\SingleObj.h">
      <Filter>fstb</Filter>
    </ClInclude>
    <ClInclude Include="fstb\SingleObj.hpp">
      <Filter>fstb</Filter>
    </ClInclude>
    <ClInclude Include="fstb\ToolsAvx2.h">
      <Filter>fstb</Filter>
    </ClInclude>
    <ClInclude Include="fstb\ToolsAvx2.hpp">
      <Filter>fstb</Filter>
    </ClInclude>
    <ClInclude Include="fstb\ToolsSse2.h">
      <Filter>fstb</Filter>
    </ClInclude>
    <ClInclude Include="fstb\ToolsSse2.hpp">
      <Filter>fstb</Filter>
    </ClInclude>
    <ClInclude Include="jack\jack.h">
      <Filter>jack</Filter>
    </ClInclude>
    <ClInclude Include="jack\systemdeps.h">
      <Filter>jack</Filter>
    </ClInclude>
    <ClInclude Include="jack\transport.h">
      <Filter>jack</Filter>
    </ClInclude>
    <ClInclude Include="jack\types.h">
      <Filter>jack</Filter>
    </ClInclude>
    <ClInclude Include="jack\weakmacros.h">
      <Filter>jack</Filter>
    </ClInclude>
    <ClInclude Include="fstb\ToolsSimd.h">
      <Filter>fstb</Filter>
    </ClInclude>
    <ClInclude Include="fstb\ToolsSimd.hpp">
      <Filter>fstb</Filter>
    </ClInclude>
    <ClInclude Include="mfx\Overdrive.h">
      <Filter>mfx</Filter>
    </ClInclude>
    <ClInclude Include="mfx\ui\DisplayInterface.h">
      <Filter>mfx\ui</Filter>
    </ClInclude>
    <ClInclude Include="mfx\ui\DisplayPi3Pcd8544.h">
      <Filter>mfx\ui</Filter>
    </ClInclude>
    <ClInclude Include="mfx\ui\UserInputInterface.h">
      <Filter>mfx\ui</Filter>
    </ClInclude>
    <ClInclude Include="mfx\ui\UserInputMsg.h">
      <Filter>mfx\ui</Filter>
    </ClInclude>
    <ClInclude Include="mfx\ui\UserInputType.h">
      <Filter>mfx\ui</Filter>
    </ClInclude>
    <ClInclude Include="mfx\ui\UserInputPi3.h">
      <Filter>mfx\ui</Filter>
    </ClInclude>
    <ClInclude Include="mfx\ui\LedInterface.h">
      <Filter>mfx\ui</Filter>
    </ClInclude>
    <ClInclude Include="mfx\ui\LedPi3.h">
      <Filter>mfx\ui</Filter>
    </ClInclude>
    <ClInclude Include="mfx\GpioPwm.h">
      <Filter>mfx</Filter>
    </ClInclude>
    <ClInclude Include="mfx\piapi\EventTransport.h">
      <Filter>mfx\piapi</Filter>
    </ClInclude>
    <ClInclude Include="mfx\ui\FontDataDefault.h">
      <Filter>mfx\ui</Filter>
    </ClInclude>
    <ClInclude Include="mfx\ui\Font.h">
      <Filter>mfx\ui</Filter>
    </ClInclude>
    <ClInclude Include="mfx\pi\DistoSimple.h">
      <Filter>mfx\pi</Filter>
    </ClInclude>
    <ClInclude Include="mfx\pi\param\HelperDispNum.h">
      <Filter>mfx\pi\param</Filter>
    </ClInclude>
    <ClInclude Include="mfx\pi\param\MapLog.h">
      <Filter>mfx\pi\param</Filter>
    </ClInclude>
    <ClInclude Include="mfx\pi\param\MapLog.hpp">
      <Filter>mfx\pi\param</Filter>
    </ClInclude>
    <ClInclude Include="mfx\pi\param\Tools.h">
      <Filter>mfx\pi\param</Filter>
    </ClInclude>
    <ClInclude Include="mfx\pi\param\TplEnum.h">
      <Filter>mfx\pi\param</Filter>
    </ClInclude>
    <ClInclude Include="mfx\pi\param\TplEnum.hpp">
      <Filter>mfx\pi\param</Filter>
    </ClInclude>
    <ClInclude Include="mfx\pi\param\TplInt.h">
      <Filter>mfx\pi\param</Filter>
    </ClInclude>
    <ClInclude Include="mfx\pi\param\TplInt.hpp">
      <Filter>mfx\pi\param</Filter>
    </ClInclude>
    <ClInclude Include="mfx\pi\param\TplLin.h">
      <Filter>mfx\pi\param</Filter>
    </ClInclude>
    <ClInclude Include="mfx\pi\param\TplLin.hpp">
      <Filter>mfx\pi\param</Filter>
    </ClInclude>
    <ClInclude Include="mfx\pi\param\TplLog.h">
      <Filter>mfx\pi\param</Filter>
    </ClInclude>
    <ClInclude Include="mfx\pi\param\TplMapped.h">
      <Filter>mfx\pi\param</Filter>
    </ClInclude>
    <ClInclude Include="mfx\pi\param\TplMapped.hpp">
      <Filter>mfx\pi\param</Filter>
    </ClInclude>
    <ClInclude Include="fstb\txt\unicode\BidiClass.h">
      <Filter>fstb\txt\unicode</Filter>
    </ClInclude>
    <ClInclude Include="fstb\txt\unicode\Categ.h">
      <Filter>fstb\txt\unicode</Filter>
    </ClInclude>
    <ClInclude Include="fstb\txt\unicode\Categ.hpp">
      <Filter>fstb\txt\unicode</Filter>
    </ClInclude>
    <ClInclude Include="fstb\txt\unicode\CategClass.h">
      <Filter>fstb\txt\unicode</Filter>
    </ClInclude>
    <ClInclude Include="fstb\txt\unicode\CharData.h">
      <Filter>fstb\txt\unicode</Filter>
    </ClInclude>
    <ClInclude Include="fstb\txt\unicode\CharDataBuilder.h">
      <Filter>fstb\txt\unicode</Filter>
    </ClInclude>
    <ClInclude Include="fstb\txt\unicode\CharDataInfo.h">
      <Filter>fstb\txt\unicode</Filter>
    </ClInclude>
    <ClInclude Include="fstb\txt\unicode\CharDataInfo.hpp">
      <Filter>fstb\txt\unicode</Filter>
    </ClInclude>
    <ClInclude Include="fstb\txt\unicode\ConvCi.h">
      <Filter>fstb\txt\unicode</Filter>
    </ClInclude>
    <ClInclude Include="fstb\txt\unicode\ConvCi.hpp">
      <Filter>fstb\txt\unicode</Filter>
    </ClInclude>
    <ClInclude Include="fstb\txt\unicode\ConvNeutral.h">
      <Filter>fstb\txt\unicode</Filter>
    </ClInclude>
    <ClInclude Include="fstb\txt\unicode\ConvNeutral.hpp">
      <Filter>fstb\txt\unicode</Filter>
    </ClInclude>
    <ClInclude Include="fstb\txt\unicode\GraphemeBreakProp.h">
      <Filter>fstb\txt\unicode</Filter>
    </ClInclude>
    <ClInclude Include="fstb\txt\unicode\LineBreakAction.h">
      <Filter>fstb\txt\unicode</Filter>
    </ClInclude>
    <ClInclude Include="fstb\txt\unicode\LineBreakProp.h">
      <Filter>fstb\txt\unicode</Filter>
    </ClInclude>
    <ClInclude Include="fstb\txt\unicode\PredEq.h">
      <Filter>fstb\txt\unicode</Filter>
    </ClInclude>
    <ClInclude Include="fstb\txt\unicode\PredEq.hpp">
      <Filter>fstb\txt\unicode</Filter>
    </ClInclude>
    <ClInclude Include="fstb\txt\unicode\PredLt.h">
      <Filter>fstb\txt\unicode</Filter>
    </ClInclude>
    <ClInclude Include="fstb\txt\unicode\PredLt.hpp">
      <Filter>fstb\txt\unicode</Filter>
    </ClInclude>
    <ClInclude Include="fstb\txt\unicode\StringU.h">
      <Filter>fstb\txt\unicode</Filter>
    </ClInclude>
    <ClInclude Include="fstb\txt\unicode\unicode.h">
      <Filter>fstb\txt\unicode</Filter>
    </ClInclude>
    <ClInclude Include="fstb\txt\unicode\unicode.hpp">
      <Filter>fstb\txt\unicode</Filter>
    </ClInclude>
    <ClInclude Include="fstb\txt\unicode\WordBreakProp.h">
      <Filter>fstb\txt\unicode</Filter>
    </ClInclude>
    <ClInclude Include="fstb\txt\unicode\WordBreakPropTableNext.h">
      <Filter>fstb\txt\unicode</Filter>
    </ClInclude>
    <ClInclude Include="fstb\txt\unicode\WordBreakPropTablePrev.h">
      <Filter>fstb\txt\unicode</Filter>
    </ClInclude>
    <ClInclude Include="fstb\txt\utf8\Codec8.h">
      <Filter>fstb\txt\utf8</Filter>
    </ClInclude>
    <ClInclude Include="fstb\txt\utf8\ConvNum.h">
      <Filter>fstb\txt\utf8</Filter>
    </ClInclude>
    <ClInclude Include="fstb\txt\utf8\def.h">
      <Filter>fstb\txt\utf8</Filter>
    </ClInclude>
    <ClInclude Include="fstb\txt\utf8\PredStringCiEq.h">
      <Filter>fstb\txt\utf8</Filter>
    </ClInclude>
    <ClInclude Include="fstb\txt\utf8\PredStringCiEq.hpp">
      <Filter>fstb\txt\utf8</Filter>
    </ClInclude>
    <ClInclude Include="fstb\txt\utf8\PredStringCiLt.h">
      <Filter>fstb\txt\utf8</Filter>
    </ClInclude>
    <ClInclude Include="fstb\txt\utf8\PredStringCiLt.hpp">
      <Filter>fstb\txt\utf8</Filter>
    </ClInclude>
    <ClInclude Include="fstb\Err.h">
      <Filter>fstb</Filter>
    </ClInclude>
    <ClInclude Include="fstb\txt\utf8\fnc.h">
      <Filter>fstb\txt\utf8</Filter>
    </ClInclude>
    <ClInclude Include="fstb\txt\neutral\ConvDigit.h">
      <Filter>fstb\txt\neutral</Filter>
    </ClInclude>
    <ClInclude Include="fstb\txt\neutral\ConvDigit.hpp">
      <Filter>fstb\txt\neutral</Filter>
    </ClInclude>
    <ClInclude Include="fstb\txt\neutral\fnc.h">
      <Filter>fstb\txt\neutral</Filter>
    </ClInclude>
    <ClInclude Include="fstb\txt\neutral\fnc.hpp">
      <Filter>fstb\txt\neutral</Filter>
    </ClInclude>
    <ClInclude Include="fstb\util\NotificationFlagInterface.h">
      <Filter>fstb\util</Filter>
    </ClInclude>
    <ClInclude Include="fstb\util\NotificationFlagInterface.hpp">
      <Filter>fstb\util</Filter>
    </ClInclude>
    <ClInclude Include="fstb\util\ObserverInterface.h">
      <Filter>fstb\util</Filter>
    </ClInclude>
    <ClInclude Include="fstb\util\ObserverInterface.hpp">
      <Filter>fstb\util</Filter>
    </ClInclude>
    <ClInclude Include="fstb\util\ObservableInterface.h">
      <Filter>fstb\util</Filter>
    </ClInclude>
    <ClInclude Include="fstb\util\ObservableInterface.hpp">
      <Filter>fstb\util</Filter>
    </ClInclude>
    <ClInclude Include="fstb\util\NotificationFlag.h">
      <Filter>fstb\util</Filter>
    </ClInclude>
    <ClInclude Include="fstb\util\NotificationFlag.hpp">
      <Filter>fstb\util</Filter>
    </ClInclude>
    <ClInclude Include="fstb\util\NotificationFlagCascadeMixin.h">
      <Filter>fstb\util</Filter>
    </ClInclude>
    <ClInclude Include="fstb\util\NotificationFlagCascadeMixin.hpp">
      <Filter>fstb\util</Filter>
    </ClInclude>
    <ClInclude Include="fstb\util\NotificationFlagCascadeMulti.h">
      <Filter>fstb\util</Filter>
    </ClInclude>
    <ClInclude Include="fstb\util\NotificationFlagCascadeSingle.h">
      <Filter>fstb\util</Filter>
    </ClInclude>
    <ClInclude Include="fstb\util\ObservableMultiMixin.h">
      <Filter>fstb\util</Filter>
    </ClInclude>
    <ClInclude Include="fstb\util\ObservableSingleMixin.h">
      <Filter>fstb\util</Filter>
    </ClInclude>
    <ClInclude Include="fstb\util\ObservableSingleMixin.hpp">
      <Filter>fstb\util</Filter>
    </ClInclude>
    <ClInclude Include="mfx\pi\ParamState.h">
      <Filter>mfx\pi</Filter>
    </ClInclude>
    <ClInclude Include="mfx\dsp\InertiaLin.h">
      <Filter>mfx\dsp</Filter>
    </ClInclude>
    <ClInclude Include="mfx\dsp\InertiaLin.hpp">
      <Filter>mfx\dsp</Filter>
    </ClInclude>
    <ClInclude Include="mfx\pi\param\MapSq.h">
      <Filter>mfx\pi\param</Filter>
    </ClInclude>
    <ClInclude Include="mfx\pi\param\MapSq.hpp">
      <Filter>mfx\pi\param</Filter>
    </ClInclude>
    <ClInclude Include="mfx\pi\param\TplSq.h">
      <Filter>mfx\pi\param</Filter>
    </ClInclude>
    <ClInclude Include="mfx\pi\param\TplSq.hpp">
      <Filter>mfx\pi\param</Filter>
    </ClInclude>
    <ClInclude Include="mfx\dsp\mix\Align.h">
      <Filter>mfx\dsp\mix</Filter>
    </ClInclude>
    <ClInclude Include="mfx\dsp\mix\Fpu.h">
      <Filter>mfx\dsp\mix</Filter>
    </ClInclude>
    <ClInclude Include="mfx\dsp\mix\Generic.h">
      <Filter>mfx\dsp\mix</Filter>
    </ClInclude>
    <ClInclude Include="mfx\dsp\StereoLevel.h">
      <Filter>mfx\dsp</Filter>
    </ClInclude>
    <ClInclude Include="mfx\dsp\StereoLevel.hpp">
      <Filter>mfx\dsp</Filter>
    </ClInclude>
    <ClInclude Include="mfx\dsp\mix\Simd.h">
      <Filter>mfx\dsp\mix</Filter>
    </ClInclude>
    <ClInclude Include="mfx\dsp\mix\Simd.hpp">
      <Filter>mfx\dsp\mix</Filter>
    </ClInclude>
    <ClInclude Include="fstb\DataAlign.h">
      <Filter>fstb</Filter>
    </ClInclude>
    <ClInclude Include="fstb\DataAlign.hpp">
      <Filter>fstb</Filter>
    </ClInclude>
    <ClInclude Include="mfx\pi\DryWet.h">
      <Filter>mfx\pi</Filter>
    </ClInclude>
    <ClInclude Include="mfx\pi\ParamDescSet.h">
      <Filter>mfx\pi</Filter>
    </ClInclude>
    <ClInclude Include="mfx\pi\ParamStateSet.h">
      <Filter>mfx\pi</Filter>
    </ClInclude>
    <ClInclude Include="fstb\BitFieldSparse.h">
      <Filter>fstb</Filter>
    </ClInclude>
    <ClInclude Include="fstb\BitFieldSparseIterator.h">
      <Filter>fstb</Filter>
    </ClInclude>
    <ClInclude Include="fstb\BitFieldSparseIterator.hpp">
      <Filter>fstb</Filter>
    </ClInclude>
    <ClInclude Include="fstb\BitFieldTools.h">
      <Filter>fstb</Filter>
    </ClInclude>
    <ClInclude Include="fstb\BitFieldTools.hpp">
      <Filter>fstb</Filter>
    </ClInclude>
    <ClInclude Include="mfx\pi\param\MapS.h">
      <Filter>mfx\pi\param</Filter>
    </ClInclude>
    <ClInclude Include="mfx\pi\param\MapS.hpp">
      <Filter>mfx\pi\param</Filter>
    </ClInclude>
    <ClInclude Include="mfx\PluginPool.h">
      <Filter>mfx</Filter>
    </ClInclude>
    <ClInclude Include="mfx\SharedRscState.h">
      <Filter>mfx</Filter>
    </ClInclude>
    <ClInclude Include="mfx\ui\RotEnc.h">
      <Filter>mfx\ui</Filter>
    </ClInclude>
    <ClInclude Include="mfx\WorldAudio.h">
      <Filter>mfx</Filter>
    </ClInclude>
    <ClInclude Include="mfx\ProcessingContext.h">
      <Filter>mfx</Filter>
    </ClInclude>
    <ClInclude Include="mfx\ProcessingContextNode.h">
      <Filter>mfx</Filter>
    </ClInclude>
    <ClInclude Include="mfx\Cst.h">
      <Filter>mfx</Filter>
    </ClInclude>
    <ClInclude Include="mfx\Msg.h">
      <Filter>mfx</Filter>
    </ClInclude>
    <ClInclude Include="mfx\MsgQueue.h">
      <Filter>mfx</Filter>
    </ClInclude>
    <ClInclude Include="mfx\ControllerType.h">
      <Filter>mfx</Filter>
    </ClInclude>
    <ClInclude Include="mfx\ControlSource.h">
      <Filter>mfx</Filter>
    </ClInclude>
    <ClInclude Include="mfx\ParamCoord.h">
      <Filter>mfx</Filter>
    </ClInclude>
    <ClInclude Include="mfx\CtrlUnit.h">
      <Filter>mfx</Filter>
    </ClInclude>
    <ClInclude Include="mfx\ControlledParam.h">
      <Filter>mfx</Filter>
    </ClInclude>
    <ClInclude Include="mfx\ControlSource.hpp">
      <Filter>mfx</Filter>
    </ClInclude>
    <ClInclude Include="mfx\ParamCoord.hpp">
      <Filter>mfx</Filter>
    </ClInclude>
    <ClInclude Include="mfx\ControlCurve.h">
      <Filter>mfx</Filter>
    </ClInclude>
    <ClInclude Include="mfx\ui\DisplayVoid.h">
      <Filter>mfx\ui</Filter>
    </ClInclude>
    <ClInclude Include="mfx\ui\LedVoid.h">
      <Filter>mfx\ui</Filter>
    </ClInclude>
    <ClInclude Include="mfx\ui\UserInputVoid.h">
      <Filter>mfx\ui</Filter>
    </ClInclude>
    <ClInclude Include="mfx\pi\Tuner.h">
      <Filter>mfx\pi</Filter>
    </ClInclude>
    <ClInclude Include="mfx\pi\FreqAnalyser.h">
      <Filter>mfx\pi</Filter>
    </ClInclude>
    <ClInclude Include="mfx\doc\CtrlLink.h">
      <Filter>mfx\doc</Filter>
    </ClInclude>
    <ClInclude Include="mfx\doc\CtrlLinkSet.h">
      <Filter>mfx\doc</Filter>
    </ClInclude>
    <ClInclude Include="mfx\doc\PluginSettings.h">
      <Filter>mfx\doc</Filter>
    </ClInclude>
    <ClInclude Include="mfx\doc\Slot.h">
      <Filter>mfx\doc</Filter>
    </ClInclude>
    <ClInclude Include="mfx\doc\Preset.h">
      <Filter>mfx\doc</Filter>
    </ClInclude>
    <ClInclude Include="mfx\pi\PluginModel.h">
      <Filter>mfx\pi</Filter>
    </ClInclude>
    <ClInclude Include="mfx\cmd\Central.h">
      <Filter>mfx\cmd</Filter>
    </ClInclude>
    <ClInclude Include="mfx\cmd\Slot.h">
      <Filter>mfx\cmd</Filter>
    </ClInclude>
    <ClInclude Include="mfx\cmd\Plugin.h">
      <Filter>mfx\cmd</Filter>
    </ClInclude>
    <ClInclude Include="mfx\cmd\BufAlloc.h">
      <Filter>mfx\cmd</Filter>
    </ClInclude>
    <ClInclude Include="mfx\PiType.h">
      <Filter>mfx</Filter>
    </ClInclude>
    <ClInclude Include="mfx\cmd\CentralCbInterface.h">
      <Filter>mfx\cmd</Filter>
    </ClInclude>
  </ItemGroup>
  <ItemGroup>
    <ClCompile Include="mfx\piapi\PluginInterface.cpp">
      <Filter>mfx\piapi</Filter>
    </ClCompile>
    <ClCompile Include="fstb\CpuId.cpp">
      <Filter>fstb</Filter>
    </ClCompile>
    <ClCompile Include="fstb\fnc.cpp">
      <Filter>fstb</Filter>
    </ClCompile>
    <ClCompile Include="fstb\ToolsAvx2.cpp">
      <Filter>fstb</Filter>
    </ClCompile>
    <ClCompile Include="fstb\ToolsSse2.cpp">
      <Filter>fstb</Filter>
    </ClCompile>
    <ClCompile Include="main.cpp" />
    <ClCompile Include="fstb\ToolsSimd.cpp">
      <Filter>fstb</Filter>
    </ClCompile>
    <ClCompile Include="mfx\Overdrive.cpp">
      <Filter>mfx</Filter>
    </ClCompile>
    <ClCompile Include="mfx\ui\DisplayInterface.cpp">
      <Filter>mfx\ui</Filter>
    </ClCompile>
    <ClCompile Include="mfx\ui\DisplayPi3Pcd8544.cpp">
      <Filter>mfx\ui</Filter>
    </ClCompile>
    <ClCompile Include="mfx\ui\UserInputInterface.cpp">
      <Filter>mfx\ui</Filter>
    </ClCompile>
    <ClCompile Include="mfx\ui\UserInputPi3.cpp">
      <Filter>mfx\ui</Filter>
    </ClCompile>
    <ClCompile Include="mfx\ui\LedInterface.cpp">
      <Filter>mfx\ui</Filter>
    </ClCompile>
    <ClCompile Include="mfx\ui\LedPi3.cpp">
      <Filter>mfx\ui</Filter>
    </ClCompile>
    <ClCompile Include="mfx\GpioPwm.cpp">
      <Filter>mfx</Filter>
    </ClCompile>
    <ClCompile Include="mfx\ui\UserInputMsg.cpp">
      <Filter>mfx\ui</Filter>
    </ClCompile>
    <ClCompile Include="mfx\ui\FontDataDefault.cpp">
      <Filter>mfx\ui</Filter>
    </ClCompile>
    <ClCompile Include="mfx\ui\Font.cpp">
      <Filter>mfx\ui</Filter>
    </ClCompile>
    <ClCompile Include="mfx\pi\DistoSimple.cpp">
      <Filter>mfx\pi</Filter>
    </ClCompile>
    <ClCompile Include="mfx\pi\param\HelperDispNum.cpp">
      <Filter>mfx\pi\param</Filter>
    </ClCompile>
    <ClCompile Include="mfx\pi\param\Tools.cpp">
      <Filter>mfx\pi\param</Filter>
    </ClCompile>
    <ClCompile Include="fstb\txt\unicode\CharData.cpp">
      <Filter>fstb\txt\unicode</Filter>
    </ClCompile>
    <ClCompile Include="fstb\txt\unicode\CharDataBuilder.cpp">
      <Filter>fstb\txt\unicode</Filter>
    </ClCompile>
    <ClCompile Include="fstb\txt\unicode\unicode.cpp">
      <Filter>fstb\txt\unicode</Filter>
    </ClCompile>
    <ClCompile Include="fstb\txt\utf8\Codec8.cpp">
      <Filter>fstb\txt\utf8</Filter>
    </ClCompile>
    <ClCompile Include="fstb\txt\utf8\ConvNum.cpp">
      <Filter>fstb\txt\utf8</Filter>
    </ClCompile>
    <ClCompile Include="fstb\txt\utf8\def.cpp">
      <Filter>fstb\txt\utf8</Filter>
    </ClCompile>
    <ClCompile Include="fstb\txt\utf8\fnc.cpp">
      <Filter>fstb\txt\utf8</Filter>
    </ClCompile>
    <ClCompile Include="fstb\txt\neutral\fnc.cpp">
      <Filter>fstb\txt\neutral</Filter>
    </ClCompile>
    <ClCompile Include="mfx\pi\param\TplLog.cpp">
      <Filter>mfx\pi\param</Filter>
    </ClCompile>
    <ClCompile Include="fstb\util\ObservableMultiMixin.cpp">
      <Filter>fstb\util</Filter>
    </ClCompile>
    <ClCompile Include="mfx\pi\ParamState.cpp">
      <Filter>mfx\pi</Filter>
    </ClCompile>
    <ClCompile Include="mfx\dsp\mix\Align.cpp">
      <Filter>mfx\dsp\mix</Filter>
    </ClCompile>
    <ClCompile Include="mfx\dsp\mix\Fpu.cpp">
      <Filter>mfx\dsp\mix</Filter>
    </ClCompile>
    <ClCompile Include="mfx\dsp\mix\Generic.cpp">
      <Filter>mfx\dsp\mix</Filter>
    </ClCompile>
    <ClCompile Include="mfx\pi\DryWet.cpp">
      <Filter>mfx\pi</Filter>
    </ClCompile>
    <ClCompile Include="mfx\pi\ParamDescSet.cpp">
      <Filter>mfx\pi</Filter>
    </ClCompile>
    <ClCompile Include="mfx\pi\ParamStateSet.cpp">
      <Filter>mfx\pi</Filter>
    </ClCompile>
    <ClCompile Include="fstb\BitFieldSparse.cpp">
      <Filter>fstb</Filter>
    </ClCompile>
    <ClCompile Include="mfx\PluginPool.cpp">
      <Filter>mfx</Filter>
    </ClCompile>
    <ClCompile Include="mfx\ui\RotEnc.cpp">
      <Filter>mfx\ui</Filter>
    </ClCompile>
    <ClCompile Include="mfx\WorldAudio.cpp">
      <Filter>mfx</Filter>
    </ClCompile>
    <ClCompile Include="mfx\ProcessingContext.cpp">
      <Filter>mfx</Filter>
    </ClCompile>
    <ClCompile Include="mfx\ProcessingContextNode.cpp">
      <Filter>mfx</Filter>
    </ClCompile>
    <ClCompile Include="mfx\ControlledParam.cpp">
      <Filter>mfx</Filter>
    </ClCompile>
    <ClCompile Include="mfx\CtrlUnit.cpp">
      <Filter>mfx</Filter>
    </ClCompile>
    <ClCompile Include="mfx\ui\DisplayVoid.cpp">
      <Filter>mfx\ui</Filter>
    </ClCompile>
    <ClCompile Include="mfx\ui\LedVoid.cpp">
      <Filter>mfx\ui</Filter>
    </ClCompile>
    <ClCompile Include="mfx\ui\UserInputVoid.cpp">
      <Filter>mfx\ui</Filter>
    </ClCompile>
    <ClCompile Include="mfx\pi\Tuner.cpp">
      <Filter>mfx\pi</Filter>
    </ClCompile>
    <ClCompile Include="mfx\pi\FreqAnalyser.cpp">
      <Filter>mfx\pi</Filter>
    </ClCompile>
    <ClCompile Include="mfx\doc\CtrlLinkSet.cpp">
      <Filter>mfx\doc</Filter>
    </ClCompile>
    <ClCompile Include="mfx\cmd\Central.cpp">
      <Filter>mfx\cmd</Filter>
    </ClCompile>
    <ClCompile Include="mfx\cmd\Plugin.cpp">
      <Filter>mfx\cmd</Filter>
    </ClCompile>
    <ClCompile Include="mfx\cmd\BufAlloc.cpp">
      <Filter>mfx\cmd</Filter>
    </ClCompile>
    <ClCompile Include="mfx\cmd\CentralCbInterface.cpp">
      <Filter>mfx\cmd</Filter>
    </ClCompile>
  </ItemGroup>
</Project>